
Microsoft Visual Studio Solution File, Format Version 12.00
# Visual Studio 15
VisualStudioVersion = 15.0.28010.2003
MinimumVisualStudioVersion = 10.0.40219.1
Project("{FAE04EC0-301F-11D3-BF4B-00C04F79EFBC}") = "XFDemo.Tests", "XFDemo\XFDemo.Tests\XFDemo.Tests.csproj", "{E3EFF565-95AA-4921-9AD2-AF2897642A4D}"
EndProject
Project("{FAE04EC0-301F-11D3-BF4B-00C04F79EFBC}") = "XFDemo.CustomControls", "XFDemo\XFDemo.CustomControls\XFDemo.CustomControls.csproj", "{C82A85AB-31AF-4428-9347-3AF654072BA9}"
EndProject
Project("{FAE04EC0-301F-11D3-BF4B-00C04F79EFBC}") = "XFDemo", "XFDemo\XFDemo\XFDemo.csproj", "{0BC230CC-1FCB-4D35-9E2E-A431F9933FDC}"
EndProject
Project("{FAE04EC0-301F-11D3-BF4B-00C04F79EFBC}") = "XFDemo.Android", "XFDemo\XFDemo.Android\XFDemo.Android.csproj", "{1A256803-4C7C-48A6-B4ED-055AC463EEE9}"
EndProject
Project("{FAE04EC0-301F-11D3-BF4B-00C04F79EFBC}") = "XFDemo.iOS", "XFDemo\XFDemo.iOS\XFDemo.iOS.csproj", "{868E932B-A319-4ADE-8814-47EC2E03852D}"
EndProject
Global
	GlobalSection(SolutionConfigurationPlatforms) = preSolution
		Ad-Hoc|Any CPU = Ad-Hoc|Any CPU
		Ad-Hoc|ARM = Ad-Hoc|ARM
		Ad-Hoc|iPhone = Ad-Hoc|iPhone
		Ad-Hoc|iPhoneSimulator = Ad-Hoc|iPhoneSimulator
		Ad-Hoc|x64 = Ad-Hoc|x64
		Ad-Hoc|x86 = Ad-Hoc|x86
		AppStore|Any CPU = AppStore|Any CPU
		AppStore|ARM = AppStore|ARM
		AppStore|iPhone = AppStore|iPhone
		AppStore|iPhoneSimulator = AppStore|iPhoneSimulator
		AppStore|x64 = AppStore|x64
		AppStore|x86 = AppStore|x86
		Debug|Any CPU = Debug|Any CPU
		Debug|ARM = Debug|ARM
		Debug|iPhone = Debug|iPhone
		Debug|iPhoneSimulator = Debug|iPhoneSimulator
		Debug|x64 = Debug|x64
		Debug|x86 = Debug|x86
		Release|Any CPU = Release|Any CPU
		Release|ARM = Release|ARM
		Release|iPhone = Release|iPhone
		Release|iPhoneSimulator = Release|iPhoneSimulator
		Release|x64 = Release|x64
		Release|x86 = Release|x86
	EndGlobalSection
	GlobalSection(ProjectConfigurationPlatforms) = postSolution
		{31B21A7C-90F0-46FC-BCD3-CCC5786AC78B}.Ad-Hoc|Any CPU.ActiveCfg = Release|Any CPU
		{31B21A7C-90F0-46FC-BCD3-CCC5786AC78B}.Ad-Hoc|Any CPU.Build.0 = Release|Any CPU
		{31B21A7C-90F0-46FC-BCD3-CCC5786AC78B}.Ad-Hoc|Any CPU.Deploy.0 = Release|Any CPU
		{31B21A7C-90F0-46FC-BCD3-CCC5786AC78B}.Ad-Hoc|ARM.ActiveCfg = Release|Any CPU
		{31B21A7C-90F0-46FC-BCD3-CCC5786AC78B}.Ad-Hoc|ARM.Build.0 = Release|Any CPU
		{31B21A7C-90F0-46FC-BCD3-CCC5786AC78B}.Ad-Hoc|ARM.Deploy.0 = Release|Any CPU
		{31B21A7C-90F0-46FC-BCD3-CCC5786AC78B}.Ad-Hoc|iPhone.ActiveCfg = Release|Any CPU
		{31B21A7C-90F0-46FC-BCD3-CCC5786AC78B}.Ad-Hoc|iPhone.Build.0 = Release|Any CPU
		{31B21A7C-90F0-46FC-BCD3-CCC5786AC78B}.Ad-Hoc|iPhone.Deploy.0 = Release|Any CPU
		{31B21A7C-90F0-46FC-BCD3-CCC5786AC78B}.Ad-Hoc|iPhoneSimulator.ActiveCfg = Release|Any CPU
		{31B21A7C-90F0-46FC-BCD3-CCC5786AC78B}.Ad-Hoc|iPhoneSimulator.Build.0 = Release|Any CPU
		{31B21A7C-90F0-46FC-BCD3-CCC5786AC78B}.Ad-Hoc|iPhoneSimulator.Deploy.0 = Release|Any CPU
		{31B21A7C-90F0-46FC-BCD3-CCC5786AC78B}.Ad-Hoc|x64.ActiveCfg = Release|Any CPU
		{31B21A7C-90F0-46FC-BCD3-CCC5786AC78B}.Ad-Hoc|x64.Build.0 = Release|Any CPU
		{31B21A7C-90F0-46FC-BCD3-CCC5786AC78B}.Ad-Hoc|x64.Deploy.0 = Release|Any CPU
		{31B21A7C-90F0-46FC-BCD3-CCC5786AC78B}.Ad-Hoc|x86.ActiveCfg = Release|Any CPU
		{31B21A7C-90F0-46FC-BCD3-CCC5786AC78B}.Ad-Hoc|x86.Build.0 = Release|Any CPU
		{31B21A7C-90F0-46FC-BCD3-CCC5786AC78B}.Ad-Hoc|x86.Deploy.0 = Release|Any CPU
		{31B21A7C-90F0-46FC-BCD3-CCC5786AC78B}.AppStore|Any CPU.ActiveCfg = Release|Any CPU
		{31B21A7C-90F0-46FC-BCD3-CCC5786AC78B}.AppStore|Any CPU.Build.0 = Release|Any CPU
		{31B21A7C-90F0-46FC-BCD3-CCC5786AC78B}.AppStore|Any CPU.Deploy.0 = Release|Any CPU
		{31B21A7C-90F0-46FC-BCD3-CCC5786AC78B}.AppStore|ARM.ActiveCfg = Release|Any CPU
		{31B21A7C-90F0-46FC-BCD3-CCC5786AC78B}.AppStore|ARM.Build.0 = Release|Any CPU
		{31B21A7C-90F0-46FC-BCD3-CCC5786AC78B}.AppStore|ARM.Deploy.0 = Release|Any CPU
		{31B21A7C-90F0-46FC-BCD3-CCC5786AC78B}.AppStore|iPhone.ActiveCfg = Release|Any CPU
		{31B21A7C-90F0-46FC-BCD3-CCC5786AC78B}.AppStore|iPhone.Build.0 = Release|Any CPU
		{31B21A7C-90F0-46FC-BCD3-CCC5786AC78B}.AppStore|iPhone.Deploy.0 = Release|Any CPU
		{31B21A7C-90F0-46FC-BCD3-CCC5786AC78B}.AppStore|iPhoneSimulator.ActiveCfg = Release|Any CPU
		{31B21A7C-90F0-46FC-BCD3-CCC5786AC78B}.AppStore|iPhoneSimulator.Build.0 = Release|Any CPU
		{31B21A7C-90F0-46FC-BCD3-CCC5786AC78B}.AppStore|iPhoneSimulator.Deploy.0 = Release|Any CPU
		{31B21A7C-90F0-46FC-BCD3-CCC5786AC78B}.AppStore|x64.ActiveCfg = Release|Any CPU
		{31B21A7C-90F0-46FC-BCD3-CCC5786AC78B}.AppStore|x64.Build.0 = Release|Any CPU
		{31B21A7C-90F0-46FC-BCD3-CCC5786AC78B}.AppStore|x64.Deploy.0 = Release|Any CPU
		{31B21A7C-90F0-46FC-BCD3-CCC5786AC78B}.AppStore|x86.ActiveCfg = Release|Any CPU
		{31B21A7C-90F0-46FC-BCD3-CCC5786AC78B}.AppStore|x86.Build.0 = Release|Any CPU
		{31B21A7C-90F0-46FC-BCD3-CCC5786AC78B}.AppStore|x86.Deploy.0 = Release|Any CPU
		{31B21A7C-90F0-46FC-BCD3-CCC5786AC78B}.Debug|Any CPU.ActiveCfg = Debug|Any CPU
		{31B21A7C-90F0-46FC-BCD3-CCC5786AC78B}.Debug|Any CPU.Build.0 = Debug|Any CPU
		{31B21A7C-90F0-46FC-BCD3-CCC5786AC78B}.Debug|Any CPU.Deploy.0 = Debug|Any CPU
		{31B21A7C-90F0-46FC-BCD3-CCC5786AC78B}.Debug|ARM.ActiveCfg = Debug|Any CPU
		{31B21A7C-90F0-46FC-BCD3-CCC5786AC78B}.Debug|ARM.Build.0 = Debug|Any CPU
		{31B21A7C-90F0-46FC-BCD3-CCC5786AC78B}.Debug|ARM.Deploy.0 = Debug|Any CPU
		{31B21A7C-90F0-46FC-BCD3-CCC5786AC78B}.Debug|iPhone.ActiveCfg = Debug|Any CPU
		{31B21A7C-90F0-46FC-BCD3-CCC5786AC78B}.Debug|iPhone.Build.0 = Debug|Any CPU
		{31B21A7C-90F0-46FC-BCD3-CCC5786AC78B}.Debug|iPhone.Deploy.0 = Debug|Any CPU
		{31B21A7C-90F0-46FC-BCD3-CCC5786AC78B}.Debug|iPhoneSimulator.ActiveCfg = Debug|Any CPU
		{31B21A7C-90F0-46FC-BCD3-CCC5786AC78B}.Debug|iPhoneSimulator.Build.0 = Debug|Any CPU
		{31B21A7C-90F0-46FC-BCD3-CCC5786AC78B}.Debug|iPhoneSimulator.Deploy.0 = Debug|Any CPU
		{31B21A7C-90F0-46FC-BCD3-CCC5786AC78B}.Debug|x64.ActiveCfg = Debug|Any CPU
		{31B21A7C-90F0-46FC-BCD3-CCC5786AC78B}.Debug|x64.Build.0 = Debug|Any CPU
		{31B21A7C-90F0-46FC-BCD3-CCC5786AC78B}.Debug|x64.Deploy.0 = Debug|Any CPU
		{31B21A7C-90F0-46FC-BCD3-CCC5786AC78B}.Debug|x86.ActiveCfg = Debug|Any CPU
		{31B21A7C-90F0-46FC-BCD3-CCC5786AC78B}.Debug|x86.Build.0 = Debug|Any CPU
		{31B21A7C-90F0-46FC-BCD3-CCC5786AC78B}.Debug|x86.Deploy.0 = Debug|Any CPU
		{31B21A7C-90F0-46FC-BCD3-CCC5786AC78B}.Release|Any CPU.ActiveCfg = Release|Any CPU
		{31B21A7C-90F0-46FC-BCD3-CCC5786AC78B}.Release|Any CPU.Build.0 = Release|Any CPU
		{31B21A7C-90F0-46FC-BCD3-CCC5786AC78B}.Release|Any CPU.Deploy.0 = Release|Any CPU
		{31B21A7C-90F0-46FC-BCD3-CCC5786AC78B}.Release|ARM.ActiveCfg = Release|Any CPU
		{31B21A7C-90F0-46FC-BCD3-CCC5786AC78B}.Release|ARM.Build.0 = Release|Any CPU
		{31B21A7C-90F0-46FC-BCD3-CCC5786AC78B}.Release|ARM.Deploy.0 = Release|Any CPU
		{31B21A7C-90F0-46FC-BCD3-CCC5786AC78B}.Release|iPhone.ActiveCfg = Release|Any CPU
		{31B21A7C-90F0-46FC-BCD3-CCC5786AC78B}.Release|iPhone.Build.0 = Release|Any CPU
		{31B21A7C-90F0-46FC-BCD3-CCC5786AC78B}.Release|iPhone.Deploy.0 = Release|Any CPU
		{31B21A7C-90F0-46FC-BCD3-CCC5786AC78B}.Release|iPhoneSimulator.ActiveCfg = Release|Any CPU
		{31B21A7C-90F0-46FC-BCD3-CCC5786AC78B}.Release|iPhoneSimulator.Build.0 = Release|Any CPU
		{31B21A7C-90F0-46FC-BCD3-CCC5786AC78B}.Release|iPhoneSimulator.Deploy.0 = Release|Any CPU
		{31B21A7C-90F0-46FC-BCD3-CCC5786AC78B}.Release|x64.ActiveCfg = Release|Any CPU
		{31B21A7C-90F0-46FC-BCD3-CCC5786AC78B}.Release|x64.Build.0 = Release|Any CPU
		{31B21A7C-90F0-46FC-BCD3-CCC5786AC78B}.Release|x64.Deploy.0 = Release|Any CPU
		{31B21A7C-90F0-46FC-BCD3-CCC5786AC78B}.Release|x86.ActiveCfg = Release|Any CPU
		{31B21A7C-90F0-46FC-BCD3-CCC5786AC78B}.Release|x86.Build.0 = Release|Any CPU
		{31B21A7C-90F0-46FC-BCD3-CCC5786AC78B}.Release|x86.Deploy.0 = Release|Any CPU
		{F1505C3E-71F3-4380-8FE0-B1FE9286D8ED}.Ad-Hoc|Any CPU.ActiveCfg = Release|Any CPU
		{F1505C3E-71F3-4380-8FE0-B1FE9286D8ED}.Ad-Hoc|Any CPU.Build.0 = Release|Any CPU
		{F1505C3E-71F3-4380-8FE0-B1FE9286D8ED}.Ad-Hoc|ARM.ActiveCfg = Release|Any CPU
		{F1505C3E-71F3-4380-8FE0-B1FE9286D8ED}.Ad-Hoc|ARM.Build.0 = Release|Any CPU
		{F1505C3E-71F3-4380-8FE0-B1FE9286D8ED}.Ad-Hoc|iPhone.ActiveCfg = Release|Any CPU
		{F1505C3E-71F3-4380-8FE0-B1FE9286D8ED}.Ad-Hoc|iPhone.Build.0 = Release|Any CPU
		{F1505C3E-71F3-4380-8FE0-B1FE9286D8ED}.Ad-Hoc|iPhoneSimulator.ActiveCfg = Release|Any CPU
		{F1505C3E-71F3-4380-8FE0-B1FE9286D8ED}.Ad-Hoc|iPhoneSimulator.Build.0 = Release|Any CPU
		{F1505C3E-71F3-4380-8FE0-B1FE9286D8ED}.Ad-Hoc|x64.ActiveCfg = Release|Any CPU
		{F1505C3E-71F3-4380-8FE0-B1FE9286D8ED}.Ad-Hoc|x64.Build.0 = Release|Any CPU
		{F1505C3E-71F3-4380-8FE0-B1FE9286D8ED}.Ad-Hoc|x86.ActiveCfg = Release|Any CPU
		{F1505C3E-71F3-4380-8FE0-B1FE9286D8ED}.Ad-Hoc|x86.Build.0 = Release|Any CPU
		{F1505C3E-71F3-4380-8FE0-B1FE9286D8ED}.AppStore|Any CPU.ActiveCfg = Release|Any CPU
		{F1505C3E-71F3-4380-8FE0-B1FE9286D8ED}.AppStore|Any CPU.Build.0 = Release|Any CPU
		{F1505C3E-71F3-4380-8FE0-B1FE9286D8ED}.AppStore|ARM.ActiveCfg = Release|Any CPU
		{F1505C3E-71F3-4380-8FE0-B1FE9286D8ED}.AppStore|ARM.Build.0 = Release|Any CPU
		{F1505C3E-71F3-4380-8FE0-B1FE9286D8ED}.AppStore|iPhone.ActiveCfg = Release|Any CPU
		{F1505C3E-71F3-4380-8FE0-B1FE9286D8ED}.AppStore|iPhone.Build.0 = Release|Any CPU
		{F1505C3E-71F3-4380-8FE0-B1FE9286D8ED}.AppStore|iPhoneSimulator.ActiveCfg = Release|Any CPU
		{F1505C3E-71F3-4380-8FE0-B1FE9286D8ED}.AppStore|iPhoneSimulator.Build.0 = Release|Any CPU
		{F1505C3E-71F3-4380-8FE0-B1FE9286D8ED}.AppStore|x64.ActiveCfg = Release|Any CPU
		{F1505C3E-71F3-4380-8FE0-B1FE9286D8ED}.AppStore|x64.Build.0 = Release|Any CPU
		{F1505C3E-71F3-4380-8FE0-B1FE9286D8ED}.AppStore|x86.ActiveCfg = Release|Any CPU
		{F1505C3E-71F3-4380-8FE0-B1FE9286D8ED}.AppStore|x86.Build.0 = Release|Any CPU
		{F1505C3E-71F3-4380-8FE0-B1FE9286D8ED}.Debug|Any CPU.ActiveCfg = Debug|Any CPU
		{F1505C3E-71F3-4380-8FE0-B1FE9286D8ED}.Debug|Any CPU.Build.0 = Debug|Any CPU
		{F1505C3E-71F3-4380-8FE0-B1FE9286D8ED}.Debug|ARM.ActiveCfg = Debug|Any CPU
		{F1505C3E-71F3-4380-8FE0-B1FE9286D8ED}.Debug|ARM.Build.0 = Debug|Any CPU
		{F1505C3E-71F3-4380-8FE0-B1FE9286D8ED}.Debug|iPhone.ActiveCfg = Debug|Any CPU
		{F1505C3E-71F3-4380-8FE0-B1FE9286D8ED}.Debug|iPhone.Build.0 = Debug|Any CPU
		{F1505C3E-71F3-4380-8FE0-B1FE9286D8ED}.Debug|iPhoneSimulator.ActiveCfg = Debug|Any CPU
		{F1505C3E-71F3-4380-8FE0-B1FE9286D8ED}.Debug|iPhoneSimulator.Build.0 = Debug|Any CPU
		{F1505C3E-71F3-4380-8FE0-B1FE9286D8ED}.Debug|x64.ActiveCfg = Debug|Any CPU
		{F1505C3E-71F3-4380-8FE0-B1FE9286D8ED}.Debug|x64.Build.0 = Debug|Any CPU
		{F1505C3E-71F3-4380-8FE0-B1FE9286D8ED}.Debug|x86.ActiveCfg = Debug|Any CPU
		{F1505C3E-71F3-4380-8FE0-B1FE9286D8ED}.Debug|x86.Build.0 = Debug|Any CPU
		{F1505C3E-71F3-4380-8FE0-B1FE9286D8ED}.Release|Any CPU.ActiveCfg = Release|Any CPU
		{F1505C3E-71F3-4380-8FE0-B1FE9286D8ED}.Release|Any CPU.Build.0 = Release|Any CPU
		{F1505C3E-71F3-4380-8FE0-B1FE9286D8ED}.Release|ARM.ActiveCfg = Release|Any CPU
		{F1505C3E-71F3-4380-8FE0-B1FE9286D8ED}.Release|ARM.Build.0 = Release|Any CPU
		{F1505C3E-71F3-4380-8FE0-B1FE9286D8ED}.Release|iPhone.ActiveCfg = Release|Any CPU
		{F1505C3E-71F3-4380-8FE0-B1FE9286D8ED}.Release|iPhone.Build.0 = Release|Any CPU
		{F1505C3E-71F3-4380-8FE0-B1FE9286D8ED}.Release|iPhoneSimulator.ActiveCfg = Release|Any CPU
		{F1505C3E-71F3-4380-8FE0-B1FE9286D8ED}.Release|iPhoneSimulator.Build.0 = Release|Any CPU
		{F1505C3E-71F3-4380-8FE0-B1FE9286D8ED}.Release|x64.ActiveCfg = Release|Any CPU
		{F1505C3E-71F3-4380-8FE0-B1FE9286D8ED}.Release|x64.Build.0 = Release|Any CPU
		{F1505C3E-71F3-4380-8FE0-B1FE9286D8ED}.Release|x86.ActiveCfg = Release|Any CPU
		{F1505C3E-71F3-4380-8FE0-B1FE9286D8ED}.Release|x86.Build.0 = Release|Any CPU
		{E3EFF565-95AA-4921-9AD2-AF2897642A4D}.Ad-Hoc|Any CPU.ActiveCfg = Release|Any CPU
		{E3EFF565-95AA-4921-9AD2-AF2897642A4D}.Ad-Hoc|Any CPU.Build.0 = Release|Any CPU
		{E3EFF565-95AA-4921-9AD2-AF2897642A4D}.Ad-Hoc|ARM.ActiveCfg = Release|Any CPU
		{E3EFF565-95AA-4921-9AD2-AF2897642A4D}.Ad-Hoc|ARM.Build.0 = Release|Any CPU
		{E3EFF565-95AA-4921-9AD2-AF2897642A4D}.Ad-Hoc|iPhone.ActiveCfg = Release|Any CPU
		{E3EFF565-95AA-4921-9AD2-AF2897642A4D}.Ad-Hoc|iPhone.Build.0 = Release|Any CPU
		{E3EFF565-95AA-4921-9AD2-AF2897642A4D}.Ad-Hoc|iPhoneSimulator.ActiveCfg = Release|Any CPU
		{E3EFF565-95AA-4921-9AD2-AF2897642A4D}.Ad-Hoc|iPhoneSimulator.Build.0 = Release|Any CPU
		{E3EFF565-95AA-4921-9AD2-AF2897642A4D}.Ad-Hoc|x64.ActiveCfg = Release|Any CPU
		{E3EFF565-95AA-4921-9AD2-AF2897642A4D}.Ad-Hoc|x64.Build.0 = Release|Any CPU
		{E3EFF565-95AA-4921-9AD2-AF2897642A4D}.Ad-Hoc|x86.ActiveCfg = Release|Any CPU
		{E3EFF565-95AA-4921-9AD2-AF2897642A4D}.Ad-Hoc|x86.Build.0 = Release|Any CPU
		{E3EFF565-95AA-4921-9AD2-AF2897642A4D}.AppStore|Any CPU.ActiveCfg = Release|Any CPU
		{E3EFF565-95AA-4921-9AD2-AF2897642A4D}.AppStore|Any CPU.Build.0 = Release|Any CPU
		{E3EFF565-95AA-4921-9AD2-AF2897642A4D}.AppStore|ARM.ActiveCfg = Release|Any CPU
		{E3EFF565-95AA-4921-9AD2-AF2897642A4D}.AppStore|ARM.Build.0 = Release|Any CPU
		{E3EFF565-95AA-4921-9AD2-AF2897642A4D}.AppStore|iPhone.ActiveCfg = Release|Any CPU
		{E3EFF565-95AA-4921-9AD2-AF2897642A4D}.AppStore|iPhone.Build.0 = Release|Any CPU
		{E3EFF565-95AA-4921-9AD2-AF2897642A4D}.AppStore|iPhoneSimulator.ActiveCfg = Release|Any CPU
		{E3EFF565-95AA-4921-9AD2-AF2897642A4D}.AppStore|iPhoneSimulator.Build.0 = Release|Any CPU
		{E3EFF565-95AA-4921-9AD2-AF2897642A4D}.AppStore|x64.ActiveCfg = Release|Any CPU
		{E3EFF565-95AA-4921-9AD2-AF2897642A4D}.AppStore|x64.Build.0 = Release|Any CPU
		{E3EFF565-95AA-4921-9AD2-AF2897642A4D}.AppStore|x86.ActiveCfg = Release|Any CPU
		{E3EFF565-95AA-4921-9AD2-AF2897642A4D}.AppStore|x86.Build.0 = Release|Any CPU
		{E3EFF565-95AA-4921-9AD2-AF2897642A4D}.Debug|Any CPU.ActiveCfg = Debug|Any CPU
		{E3EFF565-95AA-4921-9AD2-AF2897642A4D}.Debug|Any CPU.Build.0 = Debug|Any CPU
		{E3EFF565-95AA-4921-9AD2-AF2897642A4D}.Debug|ARM.ActiveCfg = Debug|Any CPU
		{E3EFF565-95AA-4921-9AD2-AF2897642A4D}.Debug|ARM.Build.0 = Debug|Any CPU
		{E3EFF565-95AA-4921-9AD2-AF2897642A4D}.Debug|iPhone.ActiveCfg = Debug|Any CPU
		{E3EFF565-95AA-4921-9AD2-AF2897642A4D}.Debug|iPhone.Build.0 = Debug|Any CPU
		{E3EFF565-95AA-4921-9AD2-AF2897642A4D}.Debug|iPhoneSimulator.ActiveCfg = Debug|Any CPU
		{E3EFF565-95AA-4921-9AD2-AF2897642A4D}.Debug|iPhoneSimulator.Build.0 = Debug|Any CPU
		{E3EFF565-95AA-4921-9AD2-AF2897642A4D}.Debug|x64.ActiveCfg = Debug|Any CPU
		{E3EFF565-95AA-4921-9AD2-AF2897642A4D}.Debug|x64.Build.0 = Debug|Any CPU
		{E3EFF565-95AA-4921-9AD2-AF2897642A4D}.Debug|x86.ActiveCfg = Debug|Any CPU
		{E3EFF565-95AA-4921-9AD2-AF2897642A4D}.Debug|x86.Build.0 = Debug|Any CPU
		{E3EFF565-95AA-4921-9AD2-AF2897642A4D}.Release|Any CPU.ActiveCfg = Release|Any CPU
		{E3EFF565-95AA-4921-9AD2-AF2897642A4D}.Release|Any CPU.Build.0 = Release|Any CPU
		{E3EFF565-95AA-4921-9AD2-AF2897642A4D}.Release|ARM.ActiveCfg = Release|Any CPU
		{E3EFF565-95AA-4921-9AD2-AF2897642A4D}.Release|ARM.Build.0 = Release|Any CPU
		{E3EFF565-95AA-4921-9AD2-AF2897642A4D}.Release|iPhone.ActiveCfg = Release|Any CPU
		{E3EFF565-95AA-4921-9AD2-AF2897642A4D}.Release|iPhone.Build.0 = Release|Any CPU
		{E3EFF565-95AA-4921-9AD2-AF2897642A4D}.Release|iPhoneSimulator.ActiveCfg = Release|Any CPU
		{E3EFF565-95AA-4921-9AD2-AF2897642A4D}.Release|iPhoneSimulator.Build.0 = Release|Any CPU
		{E3EFF565-95AA-4921-9AD2-AF2897642A4D}.Release|x64.ActiveCfg = Release|Any CPU
		{E3EFF565-95AA-4921-9AD2-AF2897642A4D}.Release|x64.Build.0 = Release|Any CPU
		{E3EFF565-95AA-4921-9AD2-AF2897642A4D}.Release|x86.ActiveCfg = Release|Any CPU
		{E3EFF565-95AA-4921-9AD2-AF2897642A4D}.Release|x86.Build.0 = Release|Any CPU
		{C82A85AB-31AF-4428-9347-3AF654072BA9}.Ad-Hoc|Any CPU.ActiveCfg = Release|Any CPU
		{C82A85AB-31AF-4428-9347-3AF654072BA9}.Ad-Hoc|Any CPU.Build.0 = Release|Any CPU
		{C82A85AB-31AF-4428-9347-3AF654072BA9}.Ad-Hoc|ARM.ActiveCfg = Release|Any CPU
		{C82A85AB-31AF-4428-9347-3AF654072BA9}.Ad-Hoc|ARM.Build.0 = Release|Any CPU
		{C82A85AB-31AF-4428-9347-3AF654072BA9}.Ad-Hoc|iPhone.ActiveCfg = Release|Any CPU
		{C82A85AB-31AF-4428-9347-3AF654072BA9}.Ad-Hoc|iPhone.Build.0 = Release|Any CPU
		{C82A85AB-31AF-4428-9347-3AF654072BA9}.Ad-Hoc|iPhoneSimulator.ActiveCfg = Release|Any CPU
		{C82A85AB-31AF-4428-9347-3AF654072BA9}.Ad-Hoc|iPhoneSimulator.Build.0 = Release|Any CPU
		{C82A85AB-31AF-4428-9347-3AF654072BA9}.Ad-Hoc|x64.ActiveCfg = Release|Any CPU
		{C82A85AB-31AF-4428-9347-3AF654072BA9}.Ad-Hoc|x64.Build.0 = Release|Any CPU
		{C82A85AB-31AF-4428-9347-3AF654072BA9}.Ad-Hoc|x86.ActiveCfg = Release|Any CPU
		{C82A85AB-31AF-4428-9347-3AF654072BA9}.Ad-Hoc|x86.Build.0 = Release|Any CPU
		{C82A85AB-31AF-4428-9347-3AF654072BA9}.AppStore|Any CPU.ActiveCfg = Release|Any CPU
		{C82A85AB-31AF-4428-9347-3AF654072BA9}.AppStore|Any CPU.Build.0 = Release|Any CPU
		{C82A85AB-31AF-4428-9347-3AF654072BA9}.AppStore|ARM.ActiveCfg = Release|Any CPU
		{C82A85AB-31AF-4428-9347-3AF654072BA9}.AppStore|ARM.Build.0 = Release|Any CPU
		{C82A85AB-31AF-4428-9347-3AF654072BA9}.AppStore|iPhone.ActiveCfg = Release|Any CPU
		{C82A85AB-31AF-4428-9347-3AF654072BA9}.AppStore|iPhone.Build.0 = Release|Any CPU
		{C82A85AB-31AF-4428-9347-3AF654072BA9}.AppStore|iPhoneSimulator.ActiveCfg = Release|Any CPU
		{C82A85AB-31AF-4428-9347-3AF654072BA9}.AppStore|iPhoneSimulator.Build.0 = Release|Any CPU
		{C82A85AB-31AF-4428-9347-3AF654072BA9}.AppStore|x64.ActiveCfg = Release|Any CPU
		{C82A85AB-31AF-4428-9347-3AF654072BA9}.AppStore|x64.Build.0 = Release|Any CPU
		{C82A85AB-31AF-4428-9347-3AF654072BA9}.AppStore|x86.ActiveCfg = Release|Any CPU
		{C82A85AB-31AF-4428-9347-3AF654072BA9}.AppStore|x86.Build.0 = Release|Any CPU
		{C82A85AB-31AF-4428-9347-3AF654072BA9}.Debug|Any CPU.ActiveCfg = Debug|Any CPU
		{C82A85AB-31AF-4428-9347-3AF654072BA9}.Debug|Any CPU.Build.0 = Debug|Any CPU
		{C82A85AB-31AF-4428-9347-3AF654072BA9}.Debug|ARM.ActiveCfg = Debug|Any CPU
		{C82A85AB-31AF-4428-9347-3AF654072BA9}.Debug|ARM.Build.0 = Debug|Any CPU
		{C82A85AB-31AF-4428-9347-3AF654072BA9}.Debug|iPhone.ActiveCfg = Debug|Any CPU
		{C82A85AB-31AF-4428-9347-3AF654072BA9}.Debug|iPhone.Build.0 = Debug|Any CPU
		{C82A85AB-31AF-4428-9347-3AF654072BA9}.Debug|iPhoneSimulator.ActiveCfg = Debug|Any CPU
		{C82A85AB-31AF-4428-9347-3AF654072BA9}.Debug|iPhoneSimulator.Build.0 = Debug|Any CPU
		{C82A85AB-31AF-4428-9347-3AF654072BA9}.Debug|x64.ActiveCfg = Debug|Any CPU
		{C82A85AB-31AF-4428-9347-3AF654072BA9}.Debug|x64.Build.0 = Debug|Any CPU
		{C82A85AB-31AF-4428-9347-3AF654072BA9}.Debug|x86.ActiveCfg = Debug|Any CPU
		{C82A85AB-31AF-4428-9347-3AF654072BA9}.Debug|x86.Build.0 = Debug|Any CPU
		{C82A85AB-31AF-4428-9347-3AF654072BA9}.Release|Any CPU.ActiveCfg = Release|Any CPU
		{C82A85AB-31AF-4428-9347-3AF654072BA9}.Release|Any CPU.Build.0 = Release|Any CPU
		{C82A85AB-31AF-4428-9347-3AF654072BA9}.Release|ARM.ActiveCfg = Release|Any CPU
		{C82A85AB-31AF-4428-9347-3AF654072BA9}.Release|ARM.Build.0 = Release|Any CPU
		{C82A85AB-31AF-4428-9347-3AF654072BA9}.Release|iPhone.ActiveCfg = Release|Any CPU
		{C82A85AB-31AF-4428-9347-3AF654072BA9}.Release|iPhone.Build.0 = Release|Any CPU
		{C82A85AB-31AF-4428-9347-3AF654072BA9}.Release|iPhoneSimulator.ActiveCfg = Release|Any CPU
		{C82A85AB-31AF-4428-9347-3AF654072BA9}.Release|iPhoneSimulator.Build.0 = Release|Any CPU
		{C82A85AB-31AF-4428-9347-3AF654072BA9}.Release|x64.ActiveCfg = Release|Any CPU
		{C82A85AB-31AF-4428-9347-3AF654072BA9}.Release|x64.Build.0 = Release|Any CPU
		{C82A85AB-31AF-4428-9347-3AF654072BA9}.Release|x86.ActiveCfg = Release|Any CPU
		{C82A85AB-31AF-4428-9347-3AF654072BA9}.Release|x86.Build.0 = Release|Any CPU
		{C936B6DE-8703-4BD5-850B-08837A6BE7E8}.Ad-Hoc|Any CPU.ActiveCfg = Release|Any CPU
		{C936B6DE-8703-4BD5-850B-08837A6BE7E8}.Ad-Hoc|Any CPU.Build.0 = Release|Any CPU
		{C936B6DE-8703-4BD5-850B-08837A6BE7E8}.Ad-Hoc|ARM.ActiveCfg = Release|Any CPU
		{C936B6DE-8703-4BD5-850B-08837A6BE7E8}.Ad-Hoc|ARM.Build.0 = Release|Any CPU
		{C936B6DE-8703-4BD5-850B-08837A6BE7E8}.Ad-Hoc|iPhone.ActiveCfg = Release|Any CPU
		{C936B6DE-8703-4BD5-850B-08837A6BE7E8}.Ad-Hoc|iPhone.Build.0 = Release|Any CPU
		{C936B6DE-8703-4BD5-850B-08837A6BE7E8}.Ad-Hoc|iPhoneSimulator.ActiveCfg = Release|Any CPU
		{C936B6DE-8703-4BD5-850B-08837A6BE7E8}.Ad-Hoc|iPhoneSimulator.Build.0 = Release|Any CPU
		{C936B6DE-8703-4BD5-850B-08837A6BE7E8}.Ad-Hoc|x64.ActiveCfg = Release|Any CPU
		{C936B6DE-8703-4BD5-850B-08837A6BE7E8}.Ad-Hoc|x64.Build.0 = Release|Any CPU
		{C936B6DE-8703-4BD5-850B-08837A6BE7E8}.Ad-Hoc|x86.ActiveCfg = Release|Any CPU
		{C936B6DE-8703-4BD5-850B-08837A6BE7E8}.Ad-Hoc|x86.Build.0 = Release|Any CPU
		{C936B6DE-8703-4BD5-850B-08837A6BE7E8}.AppStore|Any CPU.ActiveCfg = Release|Any CPU
		{C936B6DE-8703-4BD5-850B-08837A6BE7E8}.AppStore|Any CPU.Build.0 = Release|Any CPU
		{C936B6DE-8703-4BD5-850B-08837A6BE7E8}.AppStore|ARM.ActiveCfg = Release|Any CPU
		{C936B6DE-8703-4BD5-850B-08837A6BE7E8}.AppStore|ARM.Build.0 = Release|Any CPU
		{C936B6DE-8703-4BD5-850B-08837A6BE7E8}.AppStore|iPhone.ActiveCfg = Release|Any CPU
		{C936B6DE-8703-4BD5-850B-08837A6BE7E8}.AppStore|iPhone.Build.0 = Release|Any CPU
		{C936B6DE-8703-4BD5-850B-08837A6BE7E8}.AppStore|iPhoneSimulator.ActiveCfg = Release|Any CPU
		{C936B6DE-8703-4BD5-850B-08837A6BE7E8}.AppStore|iPhoneSimulator.Build.0 = Release|Any CPU
		{C936B6DE-8703-4BD5-850B-08837A6BE7E8}.AppStore|x64.ActiveCfg = Release|Any CPU
		{C936B6DE-8703-4BD5-850B-08837A6BE7E8}.AppStore|x64.Build.0 = Release|Any CPU
		{C936B6DE-8703-4BD5-850B-08837A6BE7E8}.AppStore|x86.ActiveCfg = Release|Any CPU
		{C936B6DE-8703-4BD5-850B-08837A6BE7E8}.AppStore|x86.Build.0 = Release|Any CPU
		{C936B6DE-8703-4BD5-850B-08837A6BE7E8}.Debug|Any CPU.ActiveCfg = Debug|Any CPU
		{C936B6DE-8703-4BD5-850B-08837A6BE7E8}.Debug|Any CPU.Build.0 = Debug|Any CPU
		{C936B6DE-8703-4BD5-850B-08837A6BE7E8}.Debug|ARM.ActiveCfg = Debug|Any CPU
		{C936B6DE-8703-4BD5-850B-08837A6BE7E8}.Debug|ARM.Build.0 = Debug|Any CPU
		{C936B6DE-8703-4BD5-850B-08837A6BE7E8}.Debug|iPhone.ActiveCfg = Debug|Any CPU
		{C936B6DE-8703-4BD5-850B-08837A6BE7E8}.Debug|iPhone.Build.0 = Debug|Any CPU
		{C936B6DE-8703-4BD5-850B-08837A6BE7E8}.Debug|iPhoneSimulator.ActiveCfg = Debug|Any CPU
		{C936B6DE-8703-4BD5-850B-08837A6BE7E8}.Debug|iPhoneSimulator.Build.0 = Debug|Any CPU
		{C936B6DE-8703-4BD5-850B-08837A6BE7E8}.Debug|x64.ActiveCfg = Debug|Any CPU
		{C936B6DE-8703-4BD5-850B-08837A6BE7E8}.Debug|x64.Build.0 = Debug|Any CPU
		{C936B6DE-8703-4BD5-850B-08837A6BE7E8}.Debug|x86.ActiveCfg = Debug|Any CPU
		{C936B6DE-8703-4BD5-850B-08837A6BE7E8}.Debug|x86.Build.0 = Debug|Any CPU
		{C936B6DE-8703-4BD5-850B-08837A6BE7E8}.Release|Any CPU.ActiveCfg = Release|Any CPU
		{C936B6DE-8703-4BD5-850B-08837A6BE7E8}.Release|Any CPU.Build.0 = Release|Any CPU
		{C936B6DE-8703-4BD5-850B-08837A6BE7E8}.Release|ARM.ActiveCfg = Release|Any CPU
		{C936B6DE-8703-4BD5-850B-08837A6BE7E8}.Release|ARM.Build.0 = Release|Any CPU
		{C936B6DE-8703-4BD5-850B-08837A6BE7E8}.Release|iPhone.ActiveCfg = Release|Any CPU
		{C936B6DE-8703-4BD5-850B-08837A6BE7E8}.Release|iPhone.Build.0 = Release|Any CPU
		{C936B6DE-8703-4BD5-850B-08837A6BE7E8}.Release|iPhoneSimulator.ActiveCfg = Release|Any CPU
		{C936B6DE-8703-4BD5-850B-08837A6BE7E8}.Release|iPhoneSimulator.Build.0 = Release|Any CPU
		{C936B6DE-8703-4BD5-850B-08837A6BE7E8}.Release|x64.ActiveCfg = Release|Any CPU
		{C936B6DE-8703-4BD5-850B-08837A6BE7E8}.Release|x64.Build.0 = Release|Any CPU
		{C936B6DE-8703-4BD5-850B-08837A6BE7E8}.Release|x86.ActiveCfg = Release|Any CPU
		{C936B6DE-8703-4BD5-850B-08837A6BE7E8}.Release|x86.Build.0 = Release|Any CPU
		{0BC230CC-1FCB-4D35-9E2E-A431F9933FDC}.Ad-Hoc|Any CPU.ActiveCfg = Release|Any CPU
		{0BC230CC-1FCB-4D35-9E2E-A431F9933FDC}.Ad-Hoc|Any CPU.Build.0 = Release|Any CPU
		{0BC230CC-1FCB-4D35-9E2E-A431F9933FDC}.Ad-Hoc|ARM.ActiveCfg = Release|Any CPU
		{0BC230CC-1FCB-4D35-9E2E-A431F9933FDC}.Ad-Hoc|ARM.Build.0 = Release|Any CPU
		{0BC230CC-1FCB-4D35-9E2E-A431F9933FDC}.Ad-Hoc|iPhone.ActiveCfg = Release|Any CPU
		{0BC230CC-1FCB-4D35-9E2E-A431F9933FDC}.Ad-Hoc|iPhone.Build.0 = Release|Any CPU
		{0BC230CC-1FCB-4D35-9E2E-A431F9933FDC}.Ad-Hoc|iPhoneSimulator.ActiveCfg = Release|Any CPU
		{0BC230CC-1FCB-4D35-9E2E-A431F9933FDC}.Ad-Hoc|iPhoneSimulator.Build.0 = Release|Any CPU
		{0BC230CC-1FCB-4D35-9E2E-A431F9933FDC}.Ad-Hoc|x64.ActiveCfg = Release|Any CPU
		{0BC230CC-1FCB-4D35-9E2E-A431F9933FDC}.Ad-Hoc|x64.Build.0 = Release|Any CPU
		{0BC230CC-1FCB-4D35-9E2E-A431F9933FDC}.Ad-Hoc|x86.ActiveCfg = Release|Any CPU
		{0BC230CC-1FCB-4D35-9E2E-A431F9933FDC}.Ad-Hoc|x86.Build.0 = Release|Any CPU
		{0BC230CC-1FCB-4D35-9E2E-A431F9933FDC}.AppStore|Any CPU.ActiveCfg = Release|Any CPU
		{0BC230CC-1FCB-4D35-9E2E-A431F9933FDC}.AppStore|Any CPU.Build.0 = Release|Any CPU
		{0BC230CC-1FCB-4D35-9E2E-A431F9933FDC}.AppStore|ARM.ActiveCfg = Release|Any CPU
		{0BC230CC-1FCB-4D35-9E2E-A431F9933FDC}.AppStore|ARM.Build.0 = Release|Any CPU
		{0BC230CC-1FCB-4D35-9E2E-A431F9933FDC}.AppStore|iPhone.ActiveCfg = Release|Any CPU
		{0BC230CC-1FCB-4D35-9E2E-A431F9933FDC}.AppStore|iPhone.Build.0 = Release|Any CPU
		{0BC230CC-1FCB-4D35-9E2E-A431F9933FDC}.AppStore|iPhoneSimulator.ActiveCfg = Release|Any CPU
		{0BC230CC-1FCB-4D35-9E2E-A431F9933FDC}.AppStore|iPhoneSimulator.Build.0 = Release|Any CPU
		{0BC230CC-1FCB-4D35-9E2E-A431F9933FDC}.AppStore|x64.ActiveCfg = Release|Any CPU
		{0BC230CC-1FCB-4D35-9E2E-A431F9933FDC}.AppStore|x64.Build.0 = Release|Any CPU
		{0BC230CC-1FCB-4D35-9E2E-A431F9933FDC}.AppStore|x86.ActiveCfg = Release|Any CPU
		{0BC230CC-1FCB-4D35-9E2E-A431F9933FDC}.AppStore|x86.Build.0 = Release|Any CPU
		{0BC230CC-1FCB-4D35-9E2E-A431F9933FDC}.Debug|Any CPU.ActiveCfg = Debug|Any CPU
		{0BC230CC-1FCB-4D35-9E2E-A431F9933FDC}.Debug|Any CPU.Build.0 = Debug|Any CPU
		{0BC230CC-1FCB-4D35-9E2E-A431F9933FDC}.Debug|ARM.ActiveCfg = Debug|Any CPU
		{0BC230CC-1FCB-4D35-9E2E-A431F9933FDC}.Debug|ARM.Build.0 = Debug|Any CPU
		{0BC230CC-1FCB-4D35-9E2E-A431F9933FDC}.Debug|iPhone.ActiveCfg = Debug|Any CPU
		{0BC230CC-1FCB-4D35-9E2E-A431F9933FDC}.Debug|iPhone.Build.0 = Debug|Any CPU
		{0BC230CC-1FCB-4D35-9E2E-A431F9933FDC}.Debug|iPhoneSimulator.ActiveCfg = Debug|Any CPU
		{0BC230CC-1FCB-4D35-9E2E-A431F9933FDC}.Debug|iPhoneSimulator.Build.0 = Debug|Any CPU
		{0BC230CC-1FCB-4D35-9E2E-A431F9933FDC}.Debug|x64.ActiveCfg = Debug|Any CPU
		{0BC230CC-1FCB-4D35-9E2E-A431F9933FDC}.Debug|x64.Build.0 = Debug|Any CPU
		{0BC230CC-1FCB-4D35-9E2E-A431F9933FDC}.Debug|x86.ActiveCfg = Debug|Any CPU
		{0BC230CC-1FCB-4D35-9E2E-A431F9933FDC}.Debug|x86.Build.0 = Debug|Any CPU
		{0BC230CC-1FCB-4D35-9E2E-A431F9933FDC}.Release|Any CPU.ActiveCfg = Release|Any CPU
		{0BC230CC-1FCB-4D35-9E2E-A431F9933FDC}.Release|Any CPU.Build.0 = Release|Any CPU
		{0BC230CC-1FCB-4D35-9E2E-A431F9933FDC}.Release|ARM.ActiveCfg = Release|Any CPU
		{0BC230CC-1FCB-4D35-9E2E-A431F9933FDC}.Release|ARM.Build.0 = Release|Any CPU
		{0BC230CC-1FCB-4D35-9E2E-A431F9933FDC}.Release|iPhone.ActiveCfg = Release|Any CPU
		{0BC230CC-1FCB-4D35-9E2E-A431F9933FDC}.Release|iPhone.Build.0 = Release|Any CPU
		{0BC230CC-1FCB-4D35-9E2E-A431F9933FDC}.Release|iPhoneSimulator.ActiveCfg = Release|Any CPU
		{0BC230CC-1FCB-4D35-9E2E-A431F9933FDC}.Release|iPhoneSimulator.Build.0 = Release|Any CPU
		{0BC230CC-1FCB-4D35-9E2E-A431F9933FDC}.Release|x64.ActiveCfg = Release|Any CPU
		{0BC230CC-1FCB-4D35-9E2E-A431F9933FDC}.Release|x64.Build.0 = Release|Any CPU
		{0BC230CC-1FCB-4D35-9E2E-A431F9933FDC}.Release|x86.ActiveCfg = Release|Any CPU
		{0BC230CC-1FCB-4D35-9E2E-A431F9933FDC}.Release|x86.Build.0 = Release|Any CPU
		{1A256803-4C7C-48A6-B4ED-055AC463EEE9}.Ad-Hoc|Any CPU.ActiveCfg = Release|Any CPU
		{1A256803-4C7C-48A6-B4ED-055AC463EEE9}.Ad-Hoc|Any CPU.Build.0 = Release|Any CPU
		{1A256803-4C7C-48A6-B4ED-055AC463EEE9}.Ad-Hoc|ARM.ActiveCfg = Release|Any CPU
		{1A256803-4C7C-48A6-B4ED-055AC463EEE9}.Ad-Hoc|ARM.Build.0 = Release|Any CPU
		{1A256803-4C7C-48A6-B4ED-055AC463EEE9}.Ad-Hoc|iPhone.ActiveCfg = Release|Any CPU
		{1A256803-4C7C-48A6-B4ED-055AC463EEE9}.Ad-Hoc|iPhone.Build.0 = Release|Any CPU
		{1A256803-4C7C-48A6-B4ED-055AC463EEE9}.Ad-Hoc|iPhoneSimulator.ActiveCfg = Release|Any CPU
		{1A256803-4C7C-48A6-B4ED-055AC463EEE9}.Ad-Hoc|iPhoneSimulator.Build.0 = Release|Any CPU
		{1A256803-4C7C-48A6-B4ED-055AC463EEE9}.Ad-Hoc|x64.ActiveCfg = Release|Any CPU
		{1A256803-4C7C-48A6-B4ED-055AC463EEE9}.Ad-Hoc|x64.Build.0 = Release|Any CPU
		{1A256803-4C7C-48A6-B4ED-055AC463EEE9}.Ad-Hoc|x86.ActiveCfg = Release|Any CPU
		{1A256803-4C7C-48A6-B4ED-055AC463EEE9}.Ad-Hoc|x86.Build.0 = Release|Any CPU
		{1A256803-4C7C-48A6-B4ED-055AC463EEE9}.AppStore|Any CPU.ActiveCfg = Release|Any CPU
		{1A256803-4C7C-48A6-B4ED-055AC463EEE9}.AppStore|Any CPU.Build.0 = Release|Any CPU
		{1A256803-4C7C-48A6-B4ED-055AC463EEE9}.AppStore|ARM.ActiveCfg = Release|Any CPU
		{1A256803-4C7C-48A6-B4ED-055AC463EEE9}.AppStore|ARM.Build.0 = Release|Any CPU
		{1A256803-4C7C-48A6-B4ED-055AC463EEE9}.AppStore|iPhone.ActiveCfg = Release|Any CPU
		{1A256803-4C7C-48A6-B4ED-055AC463EEE9}.AppStore|iPhone.Build.0 = Release|Any CPU
		{1A256803-4C7C-48A6-B4ED-055AC463EEE9}.AppStore|iPhoneSimulator.ActiveCfg = Release|Any CPU
		{1A256803-4C7C-48A6-B4ED-055AC463EEE9}.AppStore|iPhoneSimulator.Build.0 = Release|Any CPU
		{1A256803-4C7C-48A6-B4ED-055AC463EEE9}.AppStore|x64.ActiveCfg = Release|Any CPU
		{1A256803-4C7C-48A6-B4ED-055AC463EEE9}.AppStore|x64.Build.0 = Release|Any CPU
		{1A256803-4C7C-48A6-B4ED-055AC463EEE9}.AppStore|x86.ActiveCfg = Release|Any CPU
		{1A256803-4C7C-48A6-B4ED-055AC463EEE9}.AppStore|x86.Build.0 = Release|Any CPU
		{1A256803-4C7C-48A6-B4ED-055AC463EEE9}.Debug|Any CPU.ActiveCfg = Debug|Any CPU
		{1A256803-4C7C-48A6-B4ED-055AC463EEE9}.Debug|Any CPU.Build.0 = Debug|Any CPU
		{1A256803-4C7C-48A6-B4ED-055AC463EEE9}.Debug|ARM.ActiveCfg = Debug|Any CPU
		{1A256803-4C7C-48A6-B4ED-055AC463EEE9}.Debug|ARM.Build.0 = Debug|Any CPU
		{1A256803-4C7C-48A6-B4ED-055AC463EEE9}.Debug|iPhone.ActiveCfg = Debug|Any CPU
		{1A256803-4C7C-48A6-B4ED-055AC463EEE9}.Debug|iPhone.Build.0 = Debug|Any CPU
		{1A256803-4C7C-48A6-B4ED-055AC463EEE9}.Debug|iPhoneSimulator.ActiveCfg = Debug|Any CPU
		{1A256803-4C7C-48A6-B4ED-055AC463EEE9}.Debug|iPhoneSimulator.Build.0 = Debug|Any CPU
		{1A256803-4C7C-48A6-B4ED-055AC463EEE9}.Debug|x64.ActiveCfg = Debug|Any CPU
		{1A256803-4C7C-48A6-B4ED-055AC463EEE9}.Debug|x64.Build.0 = Debug|Any CPU
		{1A256803-4C7C-48A6-B4ED-055AC463EEE9}.Debug|x86.ActiveCfg = Debug|Any CPU
		{1A256803-4C7C-48A6-B4ED-055AC463EEE9}.Debug|x86.Build.0 = Debug|Any CPU
		{1A256803-4C7C-48A6-B4ED-055AC463EEE9}.Release|Any CPU.ActiveCfg = Release|Any CPU
		{1A256803-4C7C-48A6-B4ED-055AC463EEE9}.Release|Any CPU.Build.0 = Release|Any CPU
		{1A256803-4C7C-48A6-B4ED-055AC463EEE9}.Release|ARM.ActiveCfg = Release|Any CPU
		{1A256803-4C7C-48A6-B4ED-055AC463EEE9}.Release|ARM.Build.0 = Release|Any CPU
		{1A256803-4C7C-48A6-B4ED-055AC463EEE9}.Release|iPhone.ActiveCfg = Release|Any CPU
		{1A256803-4C7C-48A6-B4ED-055AC463EEE9}.Release|iPhone.Build.0 = Release|Any CPU
		{1A256803-4C7C-48A6-B4ED-055AC463EEE9}.Release|iPhoneSimulator.ActiveCfg = Release|Any CPU
		{1A256803-4C7C-48A6-B4ED-055AC463EEE9}.Release|iPhoneSimulator.Build.0 = Release|Any CPU
		{1A256803-4C7C-48A6-B4ED-055AC463EEE9}.Release|x64.ActiveCfg = Release|Any CPU
		{1A256803-4C7C-48A6-B4ED-055AC463EEE9}.Release|x64.Build.0 = Release|Any CPU
		{1A256803-4C7C-48A6-B4ED-055AC463EEE9}.Release|x86.ActiveCfg = Release|Any CPU
		{1A256803-4C7C-48A6-B4ED-055AC463EEE9}.Release|x86.Build.0 = Release|Any CPU
		{868E932B-A319-4ADE-8814-47EC2E03852D}.Ad-Hoc|Any CPU.ActiveCfg = Debug|iPhoneSimulator
		{868E932B-A319-4ADE-8814-47EC2E03852D}.Ad-Hoc|Any CPU.Build.0 = Debug|iPhoneSimulator
		{868E932B-A319-4ADE-8814-47EC2E03852D}.Ad-Hoc|ARM.ActiveCfg = Debug|iPhoneSimulator
		{868E932B-A319-4ADE-8814-47EC2E03852D}.Ad-Hoc|ARM.Build.0 = Debug|iPhoneSimulator
		{868E932B-A319-4ADE-8814-47EC2E03852D}.Ad-Hoc|iPhone.ActiveCfg = Debug|iPhone
		{868E932B-A319-4ADE-8814-47EC2E03852D}.Ad-Hoc|iPhone.Build.0 = Debug|iPhone
		{868E932B-A319-4ADE-8814-47EC2E03852D}.Ad-Hoc|iPhoneSimulator.ActiveCfg = Debug|iPhoneSimulator
		{868E932B-A319-4ADE-8814-47EC2E03852D}.Ad-Hoc|iPhoneSimulator.Build.0 = Debug|iPhoneSimulator
		{868E932B-A319-4ADE-8814-47EC2E03852D}.Ad-Hoc|x64.ActiveCfg = Debug|iPhoneSimulator
		{868E932B-A319-4ADE-8814-47EC2E03852D}.Ad-Hoc|x64.Build.0 = Debug|iPhoneSimulator
		{868E932B-A319-4ADE-8814-47EC2E03852D}.Ad-Hoc|x86.ActiveCfg = Debug|iPhoneSimulator
		{868E932B-A319-4ADE-8814-47EC2E03852D}.Ad-Hoc|x86.Build.0 = Debug|iPhoneSimulator
		{868E932B-A319-4ADE-8814-47EC2E03852D}.AppStore|Any CPU.ActiveCfg = Debug|iPhoneSimulator
		{868E932B-A319-4ADE-8814-47EC2E03852D}.AppStore|Any CPU.Build.0 = Debug|iPhoneSimulator
		{868E932B-A319-4ADE-8814-47EC2E03852D}.AppStore|ARM.ActiveCfg = Debug|iPhoneSimulator
		{868E932B-A319-4ADE-8814-47EC2E03852D}.AppStore|ARM.Build.0 = Debug|iPhoneSimulator
		{868E932B-A319-4ADE-8814-47EC2E03852D}.AppStore|iPhone.ActiveCfg = Debug|iPhone
		{868E932B-A319-4ADE-8814-47EC2E03852D}.AppStore|iPhone.Build.0 = Debug|iPhone
		{868E932B-A319-4ADE-8814-47EC2E03852D}.AppStore|iPhoneSimulator.ActiveCfg = Debug|iPhoneSimulator
		{868E932B-A319-4ADE-8814-47EC2E03852D}.AppStore|iPhoneSimulator.Build.0 = Debug|iPhoneSimulator
		{868E932B-A319-4ADE-8814-47EC2E03852D}.AppStore|x64.ActiveCfg = Debug|iPhoneSimulator
		{868E932B-A319-4ADE-8814-47EC2E03852D}.AppStore|x64.Build.0 = Debug|iPhoneSimulator
		{868E932B-A319-4ADE-8814-47EC2E03852D}.AppStore|x86.ActiveCfg = Debug|iPhoneSimulator
		{868E932B-A319-4ADE-8814-47EC2E03852D}.AppStore|x86.Build.0 = Debug|iPhoneSimulator
		{868E932B-A319-4ADE-8814-47EC2E03852D}.Debug|Any CPU.ActiveCfg = Debug|iPhoneSimulator
		{868E932B-A319-4ADE-8814-47EC2E03852D}.Debug|Any CPU.Build.0 = Debug|iPhoneSimulator
		{868E932B-A319-4ADE-8814-47EC2E03852D}.Debug|ARM.ActiveCfg = Debug|iPhoneSimulator
		{868E932B-A319-4ADE-8814-47EC2E03852D}.Debug|ARM.Build.0 = Debug|iPhoneSimulator
		{868E932B-A319-4ADE-8814-47EC2E03852D}.Debug|iPhone.ActiveCfg = Debug|iPhone
		{868E932B-A319-4ADE-8814-47EC2E03852D}.Debug|iPhone.Build.0 = Debug|iPhone
		{868E932B-A319-4ADE-8814-47EC2E03852D}.Debug|iPhoneSimulator.ActiveCfg = Debug|iPhoneSimulator
		{868E932B-A319-4ADE-8814-47EC2E03852D}.Debug|iPhoneSimulator.Build.0 = Debug|iPhoneSimulator
		{868E932B-A319-4ADE-8814-47EC2E03852D}.Debug|x64.ActiveCfg = Debug|iPhoneSimulator
		{868E932B-A319-4ADE-8814-47EC2E03852D}.Debug|x64.Build.0 = Debug|iPhoneSimulator
		{868E932B-A319-4ADE-8814-47EC2E03852D}.Debug|x86.ActiveCfg = Debug|iPhoneSimulator
		{868E932B-A319-4ADE-8814-47EC2E03852D}.Debug|x86.Build.0 = Debug|iPhoneSimulator
		{868E932B-A319-4ADE-8814-47EC2E03852D}.Release|Any CPU.ActiveCfg = Release|iPhoneSimulator
		{868E932B-A319-4ADE-8814-47EC2E03852D}.Release|Any CPU.Build.0 = Release|iPhoneSimulator
		{868E932B-A319-4ADE-8814-47EC2E03852D}.Release|ARM.ActiveCfg = Release|iPhoneSimulator
		{868E932B-A319-4ADE-8814-47EC2E03852D}.Release|ARM.Build.0 = Release|iPhoneSimulator
		{868E932B-A319-4ADE-8814-47EC2E03852D}.Release|iPhone.ActiveCfg = Release|iPhone
		{868E932B-A319-4ADE-8814-47EC2E03852D}.Release|iPhone.Build.0 = Release|iPhone
		{868E932B-A319-4ADE-8814-47EC2E03852D}.Release|iPhoneSimulator.ActiveCfg = Release|iPhoneSimulator
		{868E932B-A319-4ADE-8814-47EC2E03852D}.Release|iPhoneSimulator.Build.0 = Release|iPhoneSimulator
		{868E932B-A319-4ADE-8814-47EC2E03852D}.Release|x64.ActiveCfg = Release|iPhoneSimulator
		{868E932B-A319-4ADE-8814-47EC2E03852D}.Release|x64.Build.0 = Release|iPhoneSimulator
		{868E932B-A319-4ADE-8814-47EC2E03852D}.Release|x86.ActiveCfg = Release|iPhoneSimulator
		{868E932B-A319-4ADE-8814-47EC2E03852D}.Release|x86.Build.0 = Release|iPhoneSimulator
	EndGlobalSection
	GlobalSection(SolutionProperties) = preSolution
		HideSolutionNode = FALSE
	EndGlobalSection
	GlobalSection(ExtensibilityGlobals) = postSolution
		SolutionGuid = {4E2CDA1D-C1CE-4D1F-B75F-2DD4D32F6135}
	EndGlobalSection
EndGlobal
