
Microsoft Visual Studio Solution File, Format Version 12.00
# Visual Studio 15
VisualStudioVersion = 15.0.28010.2003
MinimumVisualStudioVersion = 10.0.40219.1
Project("{FAE04EC0-301F-11D3-BF4B-00C04F79EFBC}") = "XamarinFormsDemo.Droid", "XamarinFormsDemo\XamarinFormsDemo.Droid\XamarinFormsDemo.Droid.csproj", "{31B21A7C-90F0-46FC-BCD3-CCC5786AC78B}"
EndProject
Project("{FAE04EC0-301F-11D3-BF4B-00C04F79EFBC}") = "XamarinFormsDemo.iOS", "XamarinFormsDemo\XamarinFormsDemo.iOS\XamarinFormsDemo.iOS.csproj", "{F7C6B1FF-86A6-40B4-9FEA-468A740F6F9C}"
EndProject
Project("{FAE04EC0-301F-11D3-BF4B-00C04F79EFBC}") = "XamarinFormsDemo", "XamarinFormsDemo\XamarinFormsDemo\XamarinFormsDemo.csproj", "{46C281F1-91BE-47DA-AC68-BEB211D301E7}"
EndProject
Project("{FAE04EC0-301F-11D3-BF4B-00C04F79EFBC}") = "XamarinFormsDemo.Tests", "XamarinFormsDemo\XamarinFormsDemo.Tests\XamarinFormsDemo.Tests.csproj", "{E3EFF565-95AA-4921-9AD2-AF2897642A4D}"
EndProject
Project("{FAE04EC0-301F-11D3-BF4B-00C04F79EFBC}") = "XamarinFormsDemo.CustomControls", "XamarinFormsDemo\XamarinFormsDemo.CustomControls\XamarinFormsDemo.CustomControls.csproj", "{C82A85AB-31AF-4428-9347-3AF654072BA9}"
EndProject
Global
	GlobalSection(SolutionConfigurationPlatforms) = preSolution
		Ad-Hoc|Any CPU = Ad-Hoc|Any CPU
		Ad-Hoc|ARM = Ad-Hoc|ARM
		Ad-Hoc|iPhone = Ad-Hoc|iPhone
		Ad-Hoc|iPhoneSimulator = Ad-Hoc|iPhoneSimulator
		Ad-Hoc|x64 = Ad-Hoc|x64
		Ad-Hoc|x86 = Ad-Hoc|x86
		AppStore|Any CPU = AppStore|Any CPU
		AppStore|ARM = AppStore|ARM
		AppStore|iPhone = AppStore|iPhone
		AppStore|iPhoneSimulator = AppStore|iPhoneSimulator
		AppStore|x64 = AppStore|x64
		AppStore|x86 = AppStore|x86
		Debug|Any CPU = Debug|Any CPU
		Debug|ARM = Debug|ARM
		Debug|iPhone = Debug|iPhone
		Debug|iPhoneSimulator = Debug|iPhoneSimulator
		Debug|x64 = Debug|x64
		Debug|x86 = Debug|x86
		Release|Any CPU = Release|Any CPU
		Release|ARM = Release|ARM
		Release|iPhone = Release|iPhone
		Release|iPhoneSimulator = Release|iPhoneSimulator
		Release|x64 = Release|x64
		Release|x86 = Release|x86
	EndGlobalSection
	GlobalSection(ProjectConfigurationPlatforms) = postSolution
		{31B21A7C-90F0-46FC-BCD3-CCC5786AC78B}.Ad-Hoc|Any CPU.ActiveCfg = Release|Any CPU
		{31B21A7C-90F0-46FC-BCD3-CCC5786AC78B}.Ad-Hoc|Any CPU.Build.0 = Release|Any CPU
		{31B21A7C-90F0-46FC-BCD3-CCC5786AC78B}.Ad-Hoc|Any CPU.Deploy.0 = Release|Any CPU
		{31B21A7C-90F0-46FC-BCD3-CCC5786AC78B}.Ad-Hoc|ARM.ActiveCfg = Release|Any CPU
		{31B21A7C-90F0-46FC-BCD3-CCC5786AC78B}.Ad-Hoc|ARM.Build.0 = Release|Any CPU
		{31B21A7C-90F0-46FC-BCD3-CCC5786AC78B}.Ad-Hoc|ARM.Deploy.0 = Release|Any CPU
		{31B21A7C-90F0-46FC-BCD3-CCC5786AC78B}.Ad-Hoc|iPhone.ActiveCfg = Release|Any CPU
		{31B21A7C-90F0-46FC-BCD3-CCC5786AC78B}.Ad-Hoc|iPhone.Build.0 = Release|Any CPU
		{31B21A7C-90F0-46FC-BCD3-CCC5786AC78B}.Ad-Hoc|iPhone.Deploy.0 = Release|Any CPU
		{31B21A7C-90F0-46FC-BCD3-CCC5786AC78B}.Ad-Hoc|iPhoneSimulator.ActiveCfg = Release|Any CPU
		{31B21A7C-90F0-46FC-BCD3-CCC5786AC78B}.Ad-Hoc|iPhoneSimulator.Build.0 = Release|Any CPU
		{31B21A7C-90F0-46FC-BCD3-CCC5786AC78B}.Ad-Hoc|iPhoneSimulator.Deploy.0 = Release|Any CPU
		{31B21A7C-90F0-46FC-BCD3-CCC5786AC78B}.Ad-Hoc|x64.ActiveCfg = Release|Any CPU
		{31B21A7C-90F0-46FC-BCD3-CCC5786AC78B}.Ad-Hoc|x64.Build.0 = Release|Any CPU
		{31B21A7C-90F0-46FC-BCD3-CCC5786AC78B}.Ad-Hoc|x64.Deploy.0 = Release|Any CPU
		{31B21A7C-90F0-46FC-BCD3-CCC5786AC78B}.Ad-Hoc|x86.ActiveCfg = Release|Any CPU
		{31B21A7C-90F0-46FC-BCD3-CCC5786AC78B}.Ad-Hoc|x86.Build.0 = Release|Any CPU
		{31B21A7C-90F0-46FC-BCD3-CCC5786AC78B}.Ad-Hoc|x86.Deploy.0 = Release|Any CPU
		{31B21A7C-90F0-46FC-BCD3-CCC5786AC78B}.AppStore|Any CPU.ActiveCfg = Release|Any CPU
		{31B21A7C-90F0-46FC-BCD3-CCC5786AC78B}.AppStore|Any CPU.Build.0 = Release|Any CPU
		{31B21A7C-90F0-46FC-BCD3-CCC5786AC78B}.AppStore|Any CPU.Deploy.0 = Release|Any CPU
		{31B21A7C-90F0-46FC-BCD3-CCC5786AC78B}.AppStore|ARM.ActiveCfg = Release|Any CPU
		{31B21A7C-90F0-46FC-BCD3-CCC5786AC78B}.AppStore|ARM.Build.0 = Release|Any CPU
		{31B21A7C-90F0-46FC-BCD3-CCC5786AC78B}.AppStore|ARM.Deploy.0 = Release|Any CPU
		{31B21A7C-90F0-46FC-BCD3-CCC5786AC78B}.AppStore|iPhone.ActiveCfg = Release|Any CPU
		{31B21A7C-90F0-46FC-BCD3-CCC5786AC78B}.AppStore|iPhone.Build.0 = Release|Any CPU
		{31B21A7C-90F0-46FC-BCD3-CCC5786AC78B}.AppStore|iPhone.Deploy.0 = Release|Any CPU
		{31B21A7C-90F0-46FC-BCD3-CCC5786AC78B}.AppStore|iPhoneSimulator.ActiveCfg = Release|Any CPU
		{31B21A7C-90F0-46FC-BCD3-CCC5786AC78B}.AppStore|iPhoneSimulator.Build.0 = Release|Any CPU
		{31B21A7C-90F0-46FC-BCD3-CCC5786AC78B}.AppStore|iPhoneSimulator.Deploy.0 = Release|Any CPU
		{31B21A7C-90F0-46FC-BCD3-CCC5786AC78B}.AppStore|x64.ActiveCfg = Release|Any CPU
		{31B21A7C-90F0-46FC-BCD3-CCC5786AC78B}.AppStore|x64.Build.0 = Release|Any CPU
		{31B21A7C-90F0-46FC-BCD3-CCC5786AC78B}.AppStore|x64.Deploy.0 = Release|Any CPU
		{31B21A7C-90F0-46FC-BCD3-CCC5786AC78B}.AppStore|x86.ActiveCfg = Release|Any CPU
		{31B21A7C-90F0-46FC-BCD3-CCC5786AC78B}.AppStore|x86.Build.0 = Release|Any CPU
		{31B21A7C-90F0-46FC-BCD3-CCC5786AC78B}.AppStore|x86.Deploy.0 = Release|Any CPU
		{31B21A7C-90F0-46FC-BCD3-CCC5786AC78B}.Debug|Any CPU.ActiveCfg = Debug|Any CPU
		{31B21A7C-90F0-46FC-BCD3-CCC5786AC78B}.Debug|Any CPU.Build.0 = Debug|Any CPU
		{31B21A7C-90F0-46FC-BCD3-CCC5786AC78B}.Debug|Any CPU.Deploy.0 = Debug|Any CPU
		{31B21A7C-90F0-46FC-BCD3-CCC5786AC78B}.Debug|ARM.ActiveCfg = Debug|Any CPU
		{31B21A7C-90F0-46FC-BCD3-CCC5786AC78B}.Debug|ARM.Build.0 = Debug|Any CPU
		{31B21A7C-90F0-46FC-BCD3-CCC5786AC78B}.Debug|ARM.Deploy.0 = Debug|Any CPU
		{31B21A7C-90F0-46FC-BCD3-CCC5786AC78B}.Debug|iPhone.ActiveCfg = Debug|Any CPU
		{31B21A7C-90F0-46FC-BCD3-CCC5786AC78B}.Debug|iPhone.Build.0 = Debug|Any CPU
		{31B21A7C-90F0-46FC-BCD3-CCC5786AC78B}.Debug|iPhone.Deploy.0 = Debug|Any CPU
		{31B21A7C-90F0-46FC-BCD3-CCC5786AC78B}.Debug|iPhoneSimulator.ActiveCfg = Debug|Any CPU
		{31B21A7C-90F0-46FC-BCD3-CCC5786AC78B}.Debug|iPhoneSimulator.Build.0 = Debug|Any CPU
		{31B21A7C-90F0-46FC-BCD3-CCC5786AC78B}.Debug|iPhoneSimulator.Deploy.0 = Debug|Any CPU
		{31B21A7C-90F0-46FC-BCD3-CCC5786AC78B}.Debug|x64.ActiveCfg = Debug|Any CPU
		{31B21A7C-90F0-46FC-BCD3-CCC5786AC78B}.Debug|x64.Build.0 = Debug|Any CPU
		{31B21A7C-90F0-46FC-BCD3-CCC5786AC78B}.Debug|x64.Deploy.0 = Debug|Any CPU
		{31B21A7C-90F0-46FC-BCD3-CCC5786AC78B}.Debug|x86.ActiveCfg = Debug|Any CPU
		{31B21A7C-90F0-46FC-BCD3-CCC5786AC78B}.Debug|x86.Build.0 = Debug|Any CPU
		{31B21A7C-90F0-46FC-BCD3-CCC5786AC78B}.Debug|x86.Deploy.0 = Debug|Any CPU
		{31B21A7C-90F0-46FC-BCD3-CCC5786AC78B}.Release|Any CPU.ActiveCfg = Release|Any CPU
		{31B21A7C-90F0-46FC-BCD3-CCC5786AC78B}.Release|Any CPU.Build.0 = Release|Any CPU
		{31B21A7C-90F0-46FC-BCD3-CCC5786AC78B}.Release|Any CPU.Deploy.0 = Release|Any CPU
		{31B21A7C-90F0-46FC-BCD3-CCC5786AC78B}.Release|ARM.ActiveCfg = Release|Any CPU
		{31B21A7C-90F0-46FC-BCD3-CCC5786AC78B}.Release|ARM.Build.0 = Release|Any CPU
		{31B21A7C-90F0-46FC-BCD3-CCC5786AC78B}.Release|ARM.Deploy.0 = Release|Any CPU
		{31B21A7C-90F0-46FC-BCD3-CCC5786AC78B}.Release|iPhone.ActiveCfg = Release|Any CPU
		{31B21A7C-90F0-46FC-BCD3-CCC5786AC78B}.Release|iPhone.Build.0 = Release|Any CPU
		{31B21A7C-90F0-46FC-BCD3-CCC5786AC78B}.Release|iPhone.Deploy.0 = Release|Any CPU
		{31B21A7C-90F0-46FC-BCD3-CCC5786AC78B}.Release|iPhoneSimulator.ActiveCfg = Release|Any CPU
		{31B21A7C-90F0-46FC-BCD3-CCC5786AC78B}.Release|iPhoneSimulator.Build.0 = Release|Any CPU
		{31B21A7C-90F0-46FC-BCD3-CCC5786AC78B}.Release|iPhoneSimulator.Deploy.0 = Release|Any CPU
		{31B21A7C-90F0-46FC-BCD3-CCC5786AC78B}.Release|x64.ActiveCfg = Release|Any CPU
		{31B21A7C-90F0-46FC-BCD3-CCC5786AC78B}.Release|x64.Build.0 = Release|Any CPU
		{31B21A7C-90F0-46FC-BCD3-CCC5786AC78B}.Release|x64.Deploy.0 = Release|Any CPU
		{31B21A7C-90F0-46FC-BCD3-CCC5786AC78B}.Release|x86.ActiveCfg = Release|Any CPU
		{31B21A7C-90F0-46FC-BCD3-CCC5786AC78B}.Release|x86.Build.0 = Release|Any CPU
		{31B21A7C-90F0-46FC-BCD3-CCC5786AC78B}.Release|x86.Deploy.0 = Release|Any CPU
		{F7C6B1FF-86A6-40B4-9FEA-468A740F6F9C}.Ad-Hoc|Any CPU.ActiveCfg = Ad-Hoc|iPhone
		{F7C6B1FF-86A6-40B4-9FEA-468A740F6F9C}.Ad-Hoc|ARM.ActiveCfg = Ad-Hoc|iPhone
		{F7C6B1FF-86A6-40B4-9FEA-468A740F6F9C}.Ad-Hoc|iPhone.ActiveCfg = Ad-Hoc|iPhone
		{F7C6B1FF-86A6-40B4-9FEA-468A740F6F9C}.Ad-Hoc|iPhone.Build.0 = Ad-Hoc|iPhone
		{F7C6B1FF-86A6-40B4-9FEA-468A740F6F9C}.Ad-Hoc|iPhoneSimulator.ActiveCfg = Ad-Hoc|iPhoneSimulator
		{F7C6B1FF-86A6-40B4-9FEA-468A740F6F9C}.Ad-Hoc|iPhoneSimulator.Build.0 = Ad-Hoc|iPhoneSimulator
		{F7C6B1FF-86A6-40B4-9FEA-468A740F6F9C}.Ad-Hoc|x64.ActiveCfg = Ad-Hoc|iPhone
		{F7C6B1FF-86A6-40B4-9FEA-468A740F6F9C}.Ad-Hoc|x86.ActiveCfg = Ad-Hoc|iPhone
		{F7C6B1FF-86A6-40B4-9FEA-468A740F6F9C}.AppStore|Any CPU.ActiveCfg = AppStore|iPhone
		{F7C6B1FF-86A6-40B4-9FEA-468A740F6F9C}.AppStore|ARM.ActiveCfg = AppStore|iPhone
		{F7C6B1FF-86A6-40B4-9FEA-468A740F6F9C}.AppStore|iPhone.ActiveCfg = AppStore|iPhone
		{F7C6B1FF-86A6-40B4-9FEA-468A740F6F9C}.AppStore|iPhone.Build.0 = AppStore|iPhone
		{F7C6B1FF-86A6-40B4-9FEA-468A740F6F9C}.AppStore|iPhoneSimulator.ActiveCfg = AppStore|iPhoneSimulator
		{F7C6B1FF-86A6-40B4-9FEA-468A740F6F9C}.AppStore|iPhoneSimulator.Build.0 = AppStore|iPhoneSimulator
		{F7C6B1FF-86A6-40B4-9FEA-468A740F6F9C}.AppStore|x64.ActiveCfg = AppStore|iPhone
		{F7C6B1FF-86A6-40B4-9FEA-468A740F6F9C}.AppStore|x86.ActiveCfg = AppStore|iPhone
		{F7C6B1FF-86A6-40B4-9FEA-468A740F6F9C}.Debug|Any CPU.ActiveCfg = Debug|iPhone
		{F7C6B1FF-86A6-40B4-9FEA-468A740F6F9C}.Debug|ARM.ActiveCfg = Debug|iPhone
		{F7C6B1FF-86A6-40B4-9FEA-468A740F6F9C}.Debug|iPhone.ActiveCfg = Debug|iPhone
		{F7C6B1FF-86A6-40B4-9FEA-468A740F6F9C}.Debug|iPhone.Build.0 = Debug|iPhone
		{F7C6B1FF-86A6-40B4-9FEA-468A740F6F9C}.Debug|iPhoneSimulator.ActiveCfg = Debug|iPhoneSimulator
		{F7C6B1FF-86A6-40B4-9FEA-468A740F6F9C}.Debug|iPhoneSimulator.Build.0 = Debug|iPhoneSimulator
		{F7C6B1FF-86A6-40B4-9FEA-468A740F6F9C}.Debug|x64.ActiveCfg = Debug|iPhone
		{F7C6B1FF-86A6-40B4-9FEA-468A740F6F9C}.Debug|x86.ActiveCfg = Debug|iPhone
		{F7C6B1FF-86A6-40B4-9FEA-468A740F6F9C}.Release|Any CPU.ActiveCfg = Release|iPhone
		{F7C6B1FF-86A6-40B4-9FEA-468A740F6F9C}.Release|ARM.ActiveCfg = Release|iPhone
		{F7C6B1FF-86A6-40B4-9FEA-468A740F6F9C}.Release|iPhone.ActiveCfg = Release|iPhone
		{F7C6B1FF-86A6-40B4-9FEA-468A740F6F9C}.Release|iPhone.Build.0 = Release|iPhone
		{F7C6B1FF-86A6-40B4-9FEA-468A740F6F9C}.Release|iPhoneSimulator.ActiveCfg = Release|iPhoneSimulator
		{F7C6B1FF-86A6-40B4-9FEA-468A740F6F9C}.Release|iPhoneSimulator.Build.0 = Release|iPhoneSimulator
		{F7C6B1FF-86A6-40B4-9FEA-468A740F6F9C}.Release|x64.ActiveCfg = Release|iPhone
		{F7C6B1FF-86A6-40B4-9FEA-468A740F6F9C}.Release|x86.ActiveCfg = Release|iPhone
		{46C281F1-91BE-47DA-AC68-BEB211D301E7}.Ad-Hoc|Any CPU.ActiveCfg = Release|Any CPU
		{46C281F1-91BE-47DA-AC68-BEB211D301E7}.Ad-Hoc|Any CPU.Build.0 = Release|Any CPU
		{46C281F1-91BE-47DA-AC68-BEB211D301E7}.Ad-Hoc|ARM.ActiveCfg = Release|Any CPU
		{46C281F1-91BE-47DA-AC68-BEB211D301E7}.Ad-Hoc|ARM.Build.0 = Release|Any CPU
		{46C281F1-91BE-47DA-AC68-BEB211D301E7}.Ad-Hoc|iPhone.ActiveCfg = Release|Any CPU
		{46C281F1-91BE-47DA-AC68-BEB211D301E7}.Ad-Hoc|iPhone.Build.0 = Release|Any CPU
		{46C281F1-91BE-47DA-AC68-BEB211D301E7}.Ad-Hoc|iPhoneSimulator.ActiveCfg = Release|Any CPU
		{46C281F1-91BE-47DA-AC68-BEB211D301E7}.Ad-Hoc|iPhoneSimulator.Build.0 = Release|Any CPU
		{46C281F1-91BE-47DA-AC68-BEB211D301E7}.Ad-Hoc|x64.ActiveCfg = Release|Any CPU
		{46C281F1-91BE-47DA-AC68-BEB211D301E7}.Ad-Hoc|x64.Build.0 = Release|Any CPU
		{46C281F1-91BE-47DA-AC68-BEB211D301E7}.Ad-Hoc|x86.ActiveCfg = Release|Any CPU
		{46C281F1-91BE-47DA-AC68-BEB211D301E7}.Ad-Hoc|x86.Build.0 = Release|Any CPU
		{46C281F1-91BE-47DA-AC68-BEB211D301E7}.AppStore|Any CPU.ActiveCfg = Release|Any CPU
		{46C281F1-91BE-47DA-AC68-BEB211D301E7}.AppStore|Any CPU.Build.0 = Release|Any CPU
		{46C281F1-91BE-47DA-AC68-BEB211D301E7}.AppStore|ARM.ActiveCfg = Release|Any CPU
		{46C281F1-91BE-47DA-AC68-BEB211D301E7}.AppStore|ARM.Build.0 = Release|Any CPU
		{46C281F1-91BE-47DA-AC68-BEB211D301E7}.AppStore|iPhone.ActiveCfg = Release|Any CPU
		{46C281F1-91BE-47DA-AC68-BEB211D301E7}.AppStore|iPhone.Build.0 = Release|Any CPU
		{46C281F1-91BE-47DA-AC68-BEB211D301E7}.AppStore|iPhoneSimulator.ActiveCfg = Release|Any CPU
		{46C281F1-91BE-47DA-AC68-BEB211D301E7}.AppStore|iPhoneSimulator.Build.0 = Release|Any CPU
		{46C281F1-91BE-47DA-AC68-BEB211D301E7}.AppStore|x64.ActiveCfg = Release|Any CPU
		{46C281F1-91BE-47DA-AC68-BEB211D301E7}.AppStore|x64.Build.0 = Release|Any CPU
		{46C281F1-91BE-47DA-AC68-BEB211D301E7}.AppStore|x86.ActiveCfg = Release|Any CPU
		{46C281F1-91BE-47DA-AC68-BEB211D301E7}.AppStore|x86.Build.0 = Release|Any CPU
		{46C281F1-91BE-47DA-AC68-BEB211D301E7}.Debug|Any CPU.ActiveCfg = Debug|Any CPU
		{46C281F1-91BE-47DA-AC68-BEB211D301E7}.Debug|Any CPU.Build.0 = Debug|Any CPU
		{46C281F1-91BE-47DA-AC68-BEB211D301E7}.Debug|ARM.ActiveCfg = Debug|Any CPU
		{46C281F1-91BE-47DA-AC68-BEB211D301E7}.Debug|ARM.Build.0 = Debug|Any CPU
		{46C281F1-91BE-47DA-AC68-BEB211D301E7}.Debug|iPhone.ActiveCfg = Debug|Any CPU
		{46C281F1-91BE-47DA-AC68-BEB211D301E7}.Debug|iPhone.Build.0 = Debug|Any CPU
		{46C281F1-91BE-47DA-AC68-BEB211D301E7}.Debug|iPhoneSimulator.ActiveCfg = Debug|Any CPU
		{46C281F1-91BE-47DA-AC68-BEB211D301E7}.Debug|iPhoneSimulator.Build.0 = Debug|Any CPU
		{46C281F1-91BE-47DA-AC68-BEB211D301E7}.Debug|x64.ActiveCfg = Debug|Any CPU
		{46C281F1-91BE-47DA-AC68-BEB211D301E7}.Debug|x64.Build.0 = Debug|Any CPU
		{46C281F1-91BE-47DA-AC68-BEB211D301E7}.Debug|x86.ActiveCfg = Debug|Any CPU
		{46C281F1-91BE-47DA-AC68-BEB211D301E7}.Debug|x86.Build.0 = Debug|Any CPU
		{46C281F1-91BE-47DA-AC68-BEB211D301E7}.Release|Any CPU.ActiveCfg = Release|Any CPU
		{46C281F1-91BE-47DA-AC68-BEB211D301E7}.Release|Any CPU.Build.0 = Release|Any CPU
		{46C281F1-91BE-47DA-AC68-BEB211D301E7}.Release|ARM.ActiveCfg = Release|Any CPU
		{46C281F1-91BE-47DA-AC68-BEB211D301E7}.Release|ARM.Build.0 = Release|Any CPU
		{46C281F1-91BE-47DA-AC68-BEB211D301E7}.Release|iPhone.ActiveCfg = Release|Any CPU
		{46C281F1-91BE-47DA-AC68-BEB211D301E7}.Release|iPhone.Build.0 = Release|Any CPU
		{46C281F1-91BE-47DA-AC68-BEB211D301E7}.Release|iPhoneSimulator.ActiveCfg = Release|Any CPU
		{46C281F1-91BE-47DA-AC68-BEB211D301E7}.Release|iPhoneSimulator.Build.0 = Release|Any CPU
		{46C281F1-91BE-47DA-AC68-BEB211D301E7}.Release|x64.ActiveCfg = Release|Any CPU
		{46C281F1-91BE-47DA-AC68-BEB211D301E7}.Release|x64.Build.0 = Release|Any CPU
		{46C281F1-91BE-47DA-AC68-BEB211D301E7}.Release|x86.ActiveCfg = Release|Any CPU
		{46C281F1-91BE-47DA-AC68-BEB211D301E7}.Release|x86.Build.0 = Release|Any CPU
		{F1505C3E-71F3-4380-8FE0-B1FE9286D8ED}.Ad-Hoc|Any CPU.ActiveCfg = Release|Any CPU
		{F1505C3E-71F3-4380-8FE0-B1FE9286D8ED}.Ad-Hoc|Any CPU.Build.0 = Release|Any CPU
		{F1505C3E-71F3-4380-8FE0-B1FE9286D8ED}.Ad-Hoc|ARM.ActiveCfg = Release|Any CPU
		{F1505C3E-71F3-4380-8FE0-B1FE9286D8ED}.Ad-Hoc|ARM.Build.0 = Release|Any CPU
		{F1505C3E-71F3-4380-8FE0-B1FE9286D8ED}.Ad-Hoc|iPhone.ActiveCfg = Release|Any CPU
		{F1505C3E-71F3-4380-8FE0-B1FE9286D8ED}.Ad-Hoc|iPhone.Build.0 = Release|Any CPU
		{F1505C3E-71F3-4380-8FE0-B1FE9286D8ED}.Ad-Hoc|iPhoneSimulator.ActiveCfg = Release|Any CPU
		{F1505C3E-71F3-4380-8FE0-B1FE9286D8ED}.Ad-Hoc|iPhoneSimulator.Build.0 = Release|Any CPU
		{F1505C3E-71F3-4380-8FE0-B1FE9286D8ED}.Ad-Hoc|x64.ActiveCfg = Release|Any CPU
		{F1505C3E-71F3-4380-8FE0-B1FE9286D8ED}.Ad-Hoc|x64.Build.0 = Release|Any CPU
		{F1505C3E-71F3-4380-8FE0-B1FE9286D8ED}.Ad-Hoc|x86.ActiveCfg = Release|Any CPU
		{F1505C3E-71F3-4380-8FE0-B1FE9286D8ED}.Ad-Hoc|x86.Build.0 = Release|Any CPU
		{F1505C3E-71F3-4380-8FE0-B1FE9286D8ED}.AppStore|Any CPU.ActiveCfg = Release|Any CPU
		{F1505C3E-71F3-4380-8FE0-B1FE9286D8ED}.AppStore|Any CPU.Build.0 = Release|Any CPU
		{F1505C3E-71F3-4380-8FE0-B1FE9286D8ED}.AppStore|ARM.ActiveCfg = Release|Any CPU
		{F1505C3E-71F3-4380-8FE0-B1FE9286D8ED}.AppStore|ARM.Build.0 = Release|Any CPU
		{F1505C3E-71F3-4380-8FE0-B1FE9286D8ED}.AppStore|iPhone.ActiveCfg = Release|Any CPU
		{F1505C3E-71F3-4380-8FE0-B1FE9286D8ED}.AppStore|iPhone.Build.0 = Release|Any CPU
		{F1505C3E-71F3-4380-8FE0-B1FE9286D8ED}.AppStore|iPhoneSimulator.ActiveCfg = Release|Any CPU
		{F1505C3E-71F3-4380-8FE0-B1FE9286D8ED}.AppStore|iPhoneSimulator.Build.0 = Release|Any CPU
		{F1505C3E-71F3-4380-8FE0-B1FE9286D8ED}.AppStore|x64.ActiveCfg = Release|Any CPU
		{F1505C3E-71F3-4380-8FE0-B1FE9286D8ED}.AppStore|x64.Build.0 = Release|Any CPU
		{F1505C3E-71F3-4380-8FE0-B1FE9286D8ED}.AppStore|x86.ActiveCfg = Release|Any CPU
		{F1505C3E-71F3-4380-8FE0-B1FE9286D8ED}.AppStore|x86.Build.0 = Release|Any CPU
		{F1505C3E-71F3-4380-8FE0-B1FE9286D8ED}.Debug|Any CPU.ActiveCfg = Debug|Any CPU
		{F1505C3E-71F3-4380-8FE0-B1FE9286D8ED}.Debug|Any CPU.Build.0 = Debug|Any CPU
		{F1505C3E-71F3-4380-8FE0-B1FE9286D8ED}.Debug|ARM.ActiveCfg = Debug|Any CPU
		{F1505C3E-71F3-4380-8FE0-B1FE9286D8ED}.Debug|ARM.Build.0 = Debug|Any CPU
		{F1505C3E-71F3-4380-8FE0-B1FE9286D8ED}.Debug|iPhone.ActiveCfg = Debug|Any CPU
		{F1505C3E-71F3-4380-8FE0-B1FE9286D8ED}.Debug|iPhone.Build.0 = Debug|Any CPU
		{F1505C3E-71F3-4380-8FE0-B1FE9286D8ED}.Debug|iPhoneSimulator.ActiveCfg = Debug|Any CPU
		{F1505C3E-71F3-4380-8FE0-B1FE9286D8ED}.Debug|iPhoneSimulator.Build.0 = Debug|Any CPU
		{F1505C3E-71F3-4380-8FE0-B1FE9286D8ED}.Debug|x64.ActiveCfg = Debug|Any CPU
		{F1505C3E-71F3-4380-8FE0-B1FE9286D8ED}.Debug|x64.Build.0 = Debug|Any CPU
		{F1505C3E-71F3-4380-8FE0-B1FE9286D8ED}.Debug|x86.ActiveCfg = Debug|Any CPU
		{F1505C3E-71F3-4380-8FE0-B1FE9286D8ED}.Debug|x86.Build.0 = Debug|Any CPU
		{F1505C3E-71F3-4380-8FE0-B1FE9286D8ED}.Release|Any CPU.ActiveCfg = Release|Any CPU
		{F1505C3E-71F3-4380-8FE0-B1FE9286D8ED}.Release|Any CPU.Build.0 = Release|Any CPU
		{F1505C3E-71F3-4380-8FE0-B1FE9286D8ED}.Release|ARM.ActiveCfg = Release|Any CPU
		{F1505C3E-71F3-4380-8FE0-B1FE9286D8ED}.Release|ARM.Build.0 = Release|Any CPU
		{F1505C3E-71F3-4380-8FE0-B1FE9286D8ED}.Release|iPhone.ActiveCfg = Release|Any CPU
		{F1505C3E-71F3-4380-8FE0-B1FE9286D8ED}.Release|iPhone.Build.0 = Release|Any CPU
		{F1505C3E-71F3-4380-8FE0-B1FE9286D8ED}.Release|iPhoneSimulator.ActiveCfg = Release|Any CPU
		{F1505C3E-71F3-4380-8FE0-B1FE9286D8ED}.Release|iPhoneSimulator.Build.0 = Release|Any CPU
		{F1505C3E-71F3-4380-8FE0-B1FE9286D8ED}.Release|x64.ActiveCfg = Release|Any CPU
		{F1505C3E-71F3-4380-8FE0-B1FE9286D8ED}.Release|x64.Build.0 = Release|Any CPU
		{F1505C3E-71F3-4380-8FE0-B1FE9286D8ED}.Release|x86.ActiveCfg = Release|Any CPU
		{F1505C3E-71F3-4380-8FE0-B1FE9286D8ED}.Release|x86.Build.0 = Release|Any CPU
		{E3EFF565-95AA-4921-9AD2-AF2897642A4D}.Ad-Hoc|Any CPU.ActiveCfg = Release|Any CPU
		{E3EFF565-95AA-4921-9AD2-AF2897642A4D}.Ad-Hoc|Any CPU.Build.0 = Release|Any CPU
		{E3EFF565-95AA-4921-9AD2-AF2897642A4D}.Ad-Hoc|ARM.ActiveCfg = Release|Any CPU
		{E3EFF565-95AA-4921-9AD2-AF2897642A4D}.Ad-Hoc|ARM.Build.0 = Release|Any CPU
		{E3EFF565-95AA-4921-9AD2-AF2897642A4D}.Ad-Hoc|iPhone.ActiveCfg = Release|Any CPU
		{E3EFF565-95AA-4921-9AD2-AF2897642A4D}.Ad-Hoc|iPhone.Build.0 = Release|Any CPU
		{E3EFF565-95AA-4921-9AD2-AF2897642A4D}.Ad-Hoc|iPhoneSimulator.ActiveCfg = Release|Any CPU
		{E3EFF565-95AA-4921-9AD2-AF2897642A4D}.Ad-Hoc|iPhoneSimulator.Build.0 = Release|Any CPU
		{E3EFF565-95AA-4921-9AD2-AF2897642A4D}.Ad-Hoc|x64.ActiveCfg = Release|Any CPU
		{E3EFF565-95AA-4921-9AD2-AF2897642A4D}.Ad-Hoc|x64.Build.0 = Release|Any CPU
		{E3EFF565-95AA-4921-9AD2-AF2897642A4D}.Ad-Hoc|x86.ActiveCfg = Release|Any CPU
		{E3EFF565-95AA-4921-9AD2-AF2897642A4D}.Ad-Hoc|x86.Build.0 = Release|Any CPU
		{E3EFF565-95AA-4921-9AD2-AF2897642A4D}.AppStore|Any CPU.ActiveCfg = Release|Any CPU
		{E3EFF565-95AA-4921-9AD2-AF2897642A4D}.AppStore|Any CPU.Build.0 = Release|Any CPU
		{E3EFF565-95AA-4921-9AD2-AF2897642A4D}.AppStore|ARM.ActiveCfg = Release|Any CPU
		{E3EFF565-95AA-4921-9AD2-AF2897642A4D}.AppStore|ARM.Build.0 = Release|Any CPU
		{E3EFF565-95AA-4921-9AD2-AF2897642A4D}.AppStore|iPhone.ActiveCfg = Release|Any CPU
		{E3EFF565-95AA-4921-9AD2-AF2897642A4D}.AppStore|iPhone.Build.0 = Release|Any CPU
		{E3EFF565-95AA-4921-9AD2-AF2897642A4D}.AppStore|iPhoneSimulator.ActiveCfg = Release|Any CPU
		{E3EFF565-95AA-4921-9AD2-AF2897642A4D}.AppStore|iPhoneSimulator.Build.0 = Release|Any CPU
		{E3EFF565-95AA-4921-9AD2-AF2897642A4D}.AppStore|x64.ActiveCfg = Release|Any CPU
		{E3EFF565-95AA-4921-9AD2-AF2897642A4D}.AppStore|x64.Build.0 = Release|Any CPU
		{E3EFF565-95AA-4921-9AD2-AF2897642A4D}.AppStore|x86.ActiveCfg = Release|Any CPU
		{E3EFF565-95AA-4921-9AD2-AF2897642A4D}.AppStore|x86.Build.0 = Release|Any CPU
		{E3EFF565-95AA-4921-9AD2-AF2897642A4D}.Debug|Any CPU.ActiveCfg = Debug|Any CPU
		{E3EFF565-95AA-4921-9AD2-AF2897642A4D}.Debug|Any CPU.Build.0 = Debug|Any CPU
		{E3EFF565-95AA-4921-9AD2-AF2897642A4D}.Debug|ARM.ActiveCfg = Debug|Any CPU
		{E3EFF565-95AA-4921-9AD2-AF2897642A4D}.Debug|ARM.Build.0 = Debug|Any CPU
		{E3EFF565-95AA-4921-9AD2-AF2897642A4D}.Debug|iPhone.ActiveCfg = Debug|Any CPU
		{E3EFF565-95AA-4921-9AD2-AF2897642A4D}.Debug|iPhone.Build.0 = Debug|Any CPU
		{E3EFF565-95AA-4921-9AD2-AF2897642A4D}.Debug|iPhoneSimulator.ActiveCfg = Debug|Any CPU
		{E3EFF565-95AA-4921-9AD2-AF2897642A4D}.Debug|iPhoneSimulator.Build.0 = Debug|Any CPU
		{E3EFF565-95AA-4921-9AD2-AF2897642A4D}.Debug|x64.ActiveCfg = Debug|Any CPU
		{E3EFF565-95AA-4921-9AD2-AF2897642A4D}.Debug|x64.Build.0 = Debug|Any CPU
		{E3EFF565-95AA-4921-9AD2-AF2897642A4D}.Debug|x86.ActiveCfg = Debug|Any CPU
		{E3EFF565-95AA-4921-9AD2-AF2897642A4D}.Debug|x86.Build.0 = Debug|Any CPU
		{E3EFF565-95AA-4921-9AD2-AF2897642A4D}.Release|Any CPU.ActiveCfg = Release|Any CPU
		{E3EFF565-95AA-4921-9AD2-AF2897642A4D}.Release|Any CPU.Build.0 = Release|Any CPU
		{E3EFF565-95AA-4921-9AD2-AF2897642A4D}.Release|ARM.ActiveCfg = Release|Any CPU
		{E3EFF565-95AA-4921-9AD2-AF2897642A4D}.Release|ARM.Build.0 = Release|Any CPU
		{E3EFF565-95AA-4921-9AD2-AF2897642A4D}.Release|iPhone.ActiveCfg = Release|Any CPU
		{E3EFF565-95AA-4921-9AD2-AF2897642A4D}.Release|iPhone.Build.0 = Release|Any CPU
		{E3EFF565-95AA-4921-9AD2-AF2897642A4D}.Release|iPhoneSimulator.ActiveCfg = Release|Any CPU
		{E3EFF565-95AA-4921-9AD2-AF2897642A4D}.Release|iPhoneSimulator.Build.0 = Release|Any CPU
		{E3EFF565-95AA-4921-9AD2-AF2897642A4D}.Release|x64.ActiveCfg = Release|Any CPU
		{E3EFF565-95AA-4921-9AD2-AF2897642A4D}.Release|x64.Build.0 = Release|Any CPU
		{E3EFF565-95AA-4921-9AD2-AF2897642A4D}.Release|x86.ActiveCfg = Release|Any CPU
		{E3EFF565-95AA-4921-9AD2-AF2897642A4D}.Release|x86.Build.0 = Release|Any CPU
		{C82A85AB-31AF-4428-9347-3AF654072BA9}.Ad-Hoc|Any CPU.ActiveCfg = Release|Any CPU
		{C82A85AB-31AF-4428-9347-3AF654072BA9}.Ad-Hoc|Any CPU.Build.0 = Release|Any CPU
		{C82A85AB-31AF-4428-9347-3AF654072BA9}.Ad-Hoc|ARM.ActiveCfg = Release|Any CPU
		{C82A85AB-31AF-4428-9347-3AF654072BA9}.Ad-Hoc|ARM.Build.0 = Release|Any CPU
		{C82A85AB-31AF-4428-9347-3AF654072BA9}.Ad-Hoc|iPhone.ActiveCfg = Release|Any CPU
		{C82A85AB-31AF-4428-9347-3AF654072BA9}.Ad-Hoc|iPhone.Build.0 = Release|Any CPU
		{C82A85AB-31AF-4428-9347-3AF654072BA9}.Ad-Hoc|iPhoneSimulator.ActiveCfg = Release|Any CPU
		{C82A85AB-31AF-4428-9347-3AF654072BA9}.Ad-Hoc|iPhoneSimulator.Build.0 = Release|Any CPU
		{C82A85AB-31AF-4428-9347-3AF654072BA9}.Ad-Hoc|x64.ActiveCfg = Release|Any CPU
		{C82A85AB-31AF-4428-9347-3AF654072BA9}.Ad-Hoc|x64.Build.0 = Release|Any CPU
		{C82A85AB-31AF-4428-9347-3AF654072BA9}.Ad-Hoc|x86.ActiveCfg = Release|Any CPU
		{C82A85AB-31AF-4428-9347-3AF654072BA9}.Ad-Hoc|x86.Build.0 = Release|Any CPU
		{C82A85AB-31AF-4428-9347-3AF654072BA9}.AppStore|Any CPU.ActiveCfg = Release|Any CPU
		{C82A85AB-31AF-4428-9347-3AF654072BA9}.AppStore|Any CPU.Build.0 = Release|Any CPU
		{C82A85AB-31AF-4428-9347-3AF654072BA9}.AppStore|ARM.ActiveCfg = Release|Any CPU
		{C82A85AB-31AF-4428-9347-3AF654072BA9}.AppStore|ARM.Build.0 = Release|Any CPU
		{C82A85AB-31AF-4428-9347-3AF654072BA9}.AppStore|iPhone.ActiveCfg = Release|Any CPU
		{C82A85AB-31AF-4428-9347-3AF654072BA9}.AppStore|iPhone.Build.0 = Release|Any CPU
		{C82A85AB-31AF-4428-9347-3AF654072BA9}.AppStore|iPhoneSimulator.ActiveCfg = Release|Any CPU
		{C82A85AB-31AF-4428-9347-3AF654072BA9}.AppStore|iPhoneSimulator.Build.0 = Release|Any CPU
		{C82A85AB-31AF-4428-9347-3AF654072BA9}.AppStore|x64.ActiveCfg = Release|Any CPU
		{C82A85AB-31AF-4428-9347-3AF654072BA9}.AppStore|x64.Build.0 = Release|Any CPU
		{C82A85AB-31AF-4428-9347-3AF654072BA9}.AppStore|x86.ActiveCfg = Release|Any CPU
		{C82A85AB-31AF-4428-9347-3AF654072BA9}.AppStore|x86.Build.0 = Release|Any CPU
		{C82A85AB-31AF-4428-9347-3AF654072BA9}.Debug|Any CPU.ActiveCfg = Debug|Any CPU
		{C82A85AB-31AF-4428-9347-3AF654072BA9}.Debug|Any CPU.Build.0 = Debug|Any CPU
		{C82A85AB-31AF-4428-9347-3AF654072BA9}.Debug|ARM.ActiveCfg = Debug|Any CPU
		{C82A85AB-31AF-4428-9347-3AF654072BA9}.Debug|ARM.Build.0 = Debug|Any CPU
		{C82A85AB-31AF-4428-9347-3AF654072BA9}.Debug|iPhone.ActiveCfg = Debug|Any CPU
		{C82A85AB-31AF-4428-9347-3AF654072BA9}.Debug|iPhone.Build.0 = Debug|Any CPU
		{C82A85AB-31AF-4428-9347-3AF654072BA9}.Debug|iPhoneSimulator.ActiveCfg = Debug|Any CPU
		{C82A85AB-31AF-4428-9347-3AF654072BA9}.Debug|iPhoneSimulator.Build.0 = Debug|Any CPU
		{C82A85AB-31AF-4428-9347-3AF654072BA9}.Debug|x64.ActiveCfg = Debug|Any CPU
		{C82A85AB-31AF-4428-9347-3AF654072BA9}.Debug|x64.Build.0 = Debug|Any CPU
		{C82A85AB-31AF-4428-9347-3AF654072BA9}.Debug|x86.ActiveCfg = Debug|Any CPU
		{C82A85AB-31AF-4428-9347-3AF654072BA9}.Debug|x86.Build.0 = Debug|Any CPU
		{C82A85AB-31AF-4428-9347-3AF654072BA9}.Release|Any CPU.ActiveCfg = Release|Any CPU
		{C82A85AB-31AF-4428-9347-3AF654072BA9}.Release|Any CPU.Build.0 = Release|Any CPU
		{C82A85AB-31AF-4428-9347-3AF654072BA9}.Release|ARM.ActiveCfg = Release|Any CPU
		{C82A85AB-31AF-4428-9347-3AF654072BA9}.Release|ARM.Build.0 = Release|Any CPU
		{C82A85AB-31AF-4428-9347-3AF654072BA9}.Release|iPhone.ActiveCfg = Release|Any CPU
		{C82A85AB-31AF-4428-9347-3AF654072BA9}.Release|iPhone.Build.0 = Release|Any CPU
		{C82A85AB-31AF-4428-9347-3AF654072BA9}.Release|iPhoneSimulator.ActiveCfg = Release|Any CPU
		{C82A85AB-31AF-4428-9347-3AF654072BA9}.Release|iPhoneSimulator.Build.0 = Release|Any CPU
		{C82A85AB-31AF-4428-9347-3AF654072BA9}.Release|x64.ActiveCfg = Release|Any CPU
		{C82A85AB-31AF-4428-9347-3AF654072BA9}.Release|x64.Build.0 = Release|Any CPU
		{C82A85AB-31AF-4428-9347-3AF654072BA9}.Release|x86.ActiveCfg = Release|Any CPU
		{C82A85AB-31AF-4428-9347-3AF654072BA9}.Release|x86.Build.0 = Release|Any CPU
	EndGlobalSection
	GlobalSection(SolutionProperties) = preSolution
		HideSolutionNode = FALSE
	EndGlobalSection
	GlobalSection(ExtensibilityGlobals) = postSolution
		SolutionGuid = {4E2CDA1D-C1CE-4D1F-B75F-2DD4D32F6135}
	EndGlobalSection
EndGlobal
