
Microsoft Visual Studio Solution File, Format Version 12.00
# Visual Studio 14
VisualStudioVersion = 14.0.25123.0
MinimumVisualStudioVersion = 10.0.40219.1
Project("{FAE04EC0-301F-11D3-BF4B-00C04F79EFBC}") = "XamarinFormsDemo.Droid", "XamarinFormsDemo\XamarinFormsDemo.Droid\XamarinFormsDemo.Droid.csproj", "{31B21A7C-90F0-46FC-BCD3-CCC5786AC78B}"
EndProject
Project("{FAE04EC0-301F-11D3-BF4B-00C04F79EFBC}") = "XamarinFormsDemo.iOS", "XamarinFormsDemo\XamarinFormsDemo.iOS\XamarinFormsDemo.iOS.csproj", "{F7C6B1FF-86A6-40B4-9FEA-468A740F6F9C}"
EndProject
Project("{FAE04EC0-301F-11D3-BF4B-00C04F79EFBC}") = "XamarinFormsDemo.WinPhone", "XamarinFormsDemo\XamarinFormsDemo.WinPhone\XamarinFormsDemo.WinPhone.csproj", "{0A59E592-B7E8-462C-92F0-9EE503642358}"
EndProject
Project("{FAE04EC0-301F-11D3-BF4B-00C04F79EFBC}") = "XamarinFormsDemo.UWP", "XamarinFormsDemo\XamarinFormsDemo.UWP\XamarinFormsDemo.UWP.csproj", "{32BF6216-94BB-4581-A0C7-7D0497603045}"
EndProject
Project("{FAE04EC0-301F-11D3-BF4B-00C04F79EFBC}") = "XamarinFormsDemo.Windows", "XamarinFormsDemo\XamarinFormsDemo.Windows\XamarinFormsDemo.Windows.csproj", "{5ED9D397-914D-4C31-8CDE-A437F7C79C61}"
EndProject
Project("{FAE04EC0-301F-11D3-BF4B-00C04F79EFBC}") = "XamarinFormsDemo", "XamarinFormsDemo\XamarinFormsDemo\XamarinFormsDemo.csproj", "{46C281F1-91BE-47DA-AC68-BEB211D301E7}"
EndProject
Global
	GlobalSection(SolutionConfigurationPlatforms) = preSolution
		Ad-Hoc|Any CPU = Ad-Hoc|Any CPU
		Ad-Hoc|ARM = Ad-Hoc|ARM
		Ad-Hoc|iPhone = Ad-Hoc|iPhone
		Ad-Hoc|iPhoneSimulator = Ad-Hoc|iPhoneSimulator
		Ad-Hoc|x64 = Ad-Hoc|x64
		Ad-Hoc|x86 = Ad-Hoc|x86
		AppStore|Any CPU = AppStore|Any CPU
		AppStore|ARM = AppStore|ARM
		AppStore|iPhone = AppStore|iPhone
		AppStore|iPhoneSimulator = AppStore|iPhoneSimulator
		AppStore|x64 = AppStore|x64
		AppStore|x86 = AppStore|x86
		Debug|Any CPU = Debug|Any CPU
		Debug|ARM = Debug|ARM
		Debug|iPhone = Debug|iPhone
		Debug|iPhoneSimulator = Debug|iPhoneSimulator
		Debug|x64 = Debug|x64
		Debug|x86 = Debug|x86
		Release|Any CPU = Release|Any CPU
		Release|ARM = Release|ARM
		Release|iPhone = Release|iPhone
		Release|iPhoneSimulator = Release|iPhoneSimulator
		Release|x64 = Release|x64
		Release|x86 = Release|x86
	EndGlobalSection
	GlobalSection(ProjectConfigurationPlatforms) = postSolution
		{31B21A7C-90F0-46FC-BCD3-CCC5786AC78B}.Ad-Hoc|Any CPU.ActiveCfg = Release|Any CPU
		{31B21A7C-90F0-46FC-BCD3-CCC5786AC78B}.Ad-Hoc|Any CPU.Build.0 = Release|Any CPU
		{31B21A7C-90F0-46FC-BCD3-CCC5786AC78B}.Ad-Hoc|Any CPU.Deploy.0 = Release|Any CPU
		{31B21A7C-90F0-46FC-BCD3-CCC5786AC78B}.Ad-Hoc|ARM.ActiveCfg = Release|Any CPU
		{31B21A7C-90F0-46FC-BCD3-CCC5786AC78B}.Ad-Hoc|ARM.Build.0 = Release|Any CPU
		{31B21A7C-90F0-46FC-BCD3-CCC5786AC78B}.Ad-Hoc|ARM.Deploy.0 = Release|Any CPU
		{31B21A7C-90F0-46FC-BCD3-CCC5786AC78B}.Ad-Hoc|iPhone.ActiveCfg = Release|Any CPU
		{31B21A7C-90F0-46FC-BCD3-CCC5786AC78B}.Ad-Hoc|iPhone.Build.0 = Release|Any CPU
		{31B21A7C-90F0-46FC-BCD3-CCC5786AC78B}.Ad-Hoc|iPhone.Deploy.0 = Release|Any CPU
		{31B21A7C-90F0-46FC-BCD3-CCC5786AC78B}.Ad-Hoc|iPhoneSimulator.ActiveCfg = Release|Any CPU
		{31B21A7C-90F0-46FC-BCD3-CCC5786AC78B}.Ad-Hoc|iPhoneSimulator.Build.0 = Release|Any CPU
		{31B21A7C-90F0-46FC-BCD3-CCC5786AC78B}.Ad-Hoc|iPhoneSimulator.Deploy.0 = Release|Any CPU
		{31B21A7C-90F0-46FC-BCD3-CCC5786AC78B}.Ad-Hoc|x64.ActiveCfg = Release|Any CPU
		{31B21A7C-90F0-46FC-BCD3-CCC5786AC78B}.Ad-Hoc|x64.Build.0 = Release|Any CPU
		{31B21A7C-90F0-46FC-BCD3-CCC5786AC78B}.Ad-Hoc|x64.Deploy.0 = Release|Any CPU
		{31B21A7C-90F0-46FC-BCD3-CCC5786AC78B}.Ad-Hoc|x86.ActiveCfg = Release|Any CPU
		{31B21A7C-90F0-46FC-BCD3-CCC5786AC78B}.Ad-Hoc|x86.Build.0 = Release|Any CPU
		{31B21A7C-90F0-46FC-BCD3-CCC5786AC78B}.Ad-Hoc|x86.Deploy.0 = Release|Any CPU
		{31B21A7C-90F0-46FC-BCD3-CCC5786AC78B}.AppStore|Any CPU.ActiveCfg = Release|Any CPU
		{31B21A7C-90F0-46FC-BCD3-CCC5786AC78B}.AppStore|Any CPU.Build.0 = Release|Any CPU
		{31B21A7C-90F0-46FC-BCD3-CCC5786AC78B}.AppStore|Any CPU.Deploy.0 = Release|Any CPU
		{31B21A7C-90F0-46FC-BCD3-CCC5786AC78B}.AppStore|ARM.ActiveCfg = Release|Any CPU
		{31B21A7C-90F0-46FC-BCD3-CCC5786AC78B}.AppStore|ARM.Build.0 = Release|Any CPU
		{31B21A7C-90F0-46FC-BCD3-CCC5786AC78B}.AppStore|ARM.Deploy.0 = Release|Any CPU
		{31B21A7C-90F0-46FC-BCD3-CCC5786AC78B}.AppStore|iPhone.ActiveCfg = Release|Any CPU
		{31B21A7C-90F0-46FC-BCD3-CCC5786AC78B}.AppStore|iPhone.Build.0 = Release|Any CPU
		{31B21A7C-90F0-46FC-BCD3-CCC5786AC78B}.AppStore|iPhone.Deploy.0 = Release|Any CPU
		{31B21A7C-90F0-46FC-BCD3-CCC5786AC78B}.AppStore|iPhoneSimulator.ActiveCfg = Release|Any CPU
		{31B21A7C-90F0-46FC-BCD3-CCC5786AC78B}.AppStore|iPhoneSimulator.Build.0 = Release|Any CPU
		{31B21A7C-90F0-46FC-BCD3-CCC5786AC78B}.AppStore|iPhoneSimulator.Deploy.0 = Release|Any CPU
		{31B21A7C-90F0-46FC-BCD3-CCC5786AC78B}.AppStore|x64.ActiveCfg = Release|Any CPU
		{31B21A7C-90F0-46FC-BCD3-CCC5786AC78B}.AppStore|x64.Build.0 = Release|Any CPU
		{31B21A7C-90F0-46FC-BCD3-CCC5786AC78B}.AppStore|x64.Deploy.0 = Release|Any CPU
		{31B21A7C-90F0-46FC-BCD3-CCC5786AC78B}.AppStore|x86.ActiveCfg = Release|Any CPU
		{31B21A7C-90F0-46FC-BCD3-CCC5786AC78B}.AppStore|x86.Build.0 = Release|Any CPU
		{31B21A7C-90F0-46FC-BCD3-CCC5786AC78B}.AppStore|x86.Deploy.0 = Release|Any CPU
		{31B21A7C-90F0-46FC-BCD3-CCC5786AC78B}.Debug|Any CPU.ActiveCfg = Debug|Any CPU
		{31B21A7C-90F0-46FC-BCD3-CCC5786AC78B}.Debug|Any CPU.Build.0 = Debug|Any CPU
		{31B21A7C-90F0-46FC-BCD3-CCC5786AC78B}.Debug|Any CPU.Deploy.0 = Debug|Any CPU
		{31B21A7C-90F0-46FC-BCD3-CCC5786AC78B}.Debug|ARM.ActiveCfg = Debug|Any CPU
		{31B21A7C-90F0-46FC-BCD3-CCC5786AC78B}.Debug|ARM.Build.0 = Debug|Any CPU
		{31B21A7C-90F0-46FC-BCD3-CCC5786AC78B}.Debug|ARM.Deploy.0 = Debug|Any CPU
		{31B21A7C-90F0-46FC-BCD3-CCC5786AC78B}.Debug|iPhone.ActiveCfg = Debug|Any CPU
		{31B21A7C-90F0-46FC-BCD3-CCC5786AC78B}.Debug|iPhone.Build.0 = Debug|Any CPU
		{31B21A7C-90F0-46FC-BCD3-CCC5786AC78B}.Debug|iPhone.Deploy.0 = Debug|Any CPU
		{31B21A7C-90F0-46FC-BCD3-CCC5786AC78B}.Debug|iPhoneSimulator.ActiveCfg = Debug|Any CPU
		{31B21A7C-90F0-46FC-BCD3-CCC5786AC78B}.Debug|iPhoneSimulator.Build.0 = Debug|Any CPU
		{31B21A7C-90F0-46FC-BCD3-CCC5786AC78B}.Debug|iPhoneSimulator.Deploy.0 = Debug|Any CPU
		{31B21A7C-90F0-46FC-BCD3-CCC5786AC78B}.Debug|x64.ActiveCfg = Debug|Any CPU
		{31B21A7C-90F0-46FC-BCD3-CCC5786AC78B}.Debug|x64.Build.0 = Debug|Any CPU
		{31B21A7C-90F0-46FC-BCD3-CCC5786AC78B}.Debug|x64.Deploy.0 = Debug|Any CPU
		{31B21A7C-90F0-46FC-BCD3-CCC5786AC78B}.Debug|x86.ActiveCfg = Debug|Any CPU
		{31B21A7C-90F0-46FC-BCD3-CCC5786AC78B}.Debug|x86.Build.0 = Debug|Any CPU
		{31B21A7C-90F0-46FC-BCD3-CCC5786AC78B}.Debug|x86.Deploy.0 = Debug|Any CPU
		{31B21A7C-90F0-46FC-BCD3-CCC5786AC78B}.Release|Any CPU.ActiveCfg = Release|Any CPU
		{31B21A7C-90F0-46FC-BCD3-CCC5786AC78B}.Release|Any CPU.Build.0 = Release|Any CPU
		{31B21A7C-90F0-46FC-BCD3-CCC5786AC78B}.Release|Any CPU.Deploy.0 = Release|Any CPU
		{31B21A7C-90F0-46FC-BCD3-CCC5786AC78B}.Release|ARM.ActiveCfg = Release|Any CPU
		{31B21A7C-90F0-46FC-BCD3-CCC5786AC78B}.Release|ARM.Build.0 = Release|Any CPU
		{31B21A7C-90F0-46FC-BCD3-CCC5786AC78B}.Release|ARM.Deploy.0 = Release|Any CPU
		{31B21A7C-90F0-46FC-BCD3-CCC5786AC78B}.Release|iPhone.ActiveCfg = Release|Any CPU
		{31B21A7C-90F0-46FC-BCD3-CCC5786AC78B}.Release|iPhone.Build.0 = Release|Any CPU
		{31B21A7C-90F0-46FC-BCD3-CCC5786AC78B}.Release|iPhone.Deploy.0 = Release|Any CPU
		{31B21A7C-90F0-46FC-BCD3-CCC5786AC78B}.Release|iPhoneSimulator.ActiveCfg = Release|Any CPU
		{31B21A7C-90F0-46FC-BCD3-CCC5786AC78B}.Release|iPhoneSimulator.Build.0 = Release|Any CPU
		{31B21A7C-90F0-46FC-BCD3-CCC5786AC78B}.Release|iPhoneSimulator.Deploy.0 = Release|Any CPU
		{31B21A7C-90F0-46FC-BCD3-CCC5786AC78B}.Release|x64.ActiveCfg = Release|Any CPU
		{31B21A7C-90F0-46FC-BCD3-CCC5786AC78B}.Release|x64.Build.0 = Release|Any CPU
		{31B21A7C-90F0-46FC-BCD3-CCC5786AC78B}.Release|x64.Deploy.0 = Release|Any CPU
		{31B21A7C-90F0-46FC-BCD3-CCC5786AC78B}.Release|x86.ActiveCfg = Release|Any CPU
		{31B21A7C-90F0-46FC-BCD3-CCC5786AC78B}.Release|x86.Build.0 = Release|Any CPU
		{31B21A7C-90F0-46FC-BCD3-CCC5786AC78B}.Release|x86.Deploy.0 = Release|Any CPU
		{F7C6B1FF-86A6-40B4-9FEA-468A740F6F9C}.Ad-Hoc|Any CPU.ActiveCfg = Ad-Hoc|iPhone
		{F7C6B1FF-86A6-40B4-9FEA-468A740F6F9C}.Ad-Hoc|ARM.ActiveCfg = Ad-Hoc|iPhone
		{F7C6B1FF-86A6-40B4-9FEA-468A740F6F9C}.Ad-Hoc|iPhone.ActiveCfg = Ad-Hoc|iPhone
		{F7C6B1FF-86A6-40B4-9FEA-468A740F6F9C}.Ad-Hoc|iPhone.Build.0 = Ad-Hoc|iPhone
		{F7C6B1FF-86A6-40B4-9FEA-468A740F6F9C}.Ad-Hoc|iPhoneSimulator.ActiveCfg = Ad-Hoc|iPhoneSimulator
		{F7C6B1FF-86A6-40B4-9FEA-468A740F6F9C}.Ad-Hoc|iPhoneSimulator.Build.0 = Ad-Hoc|iPhoneSimulator
		{F7C6B1FF-86A6-40B4-9FEA-468A740F6F9C}.Ad-Hoc|x64.ActiveCfg = Ad-Hoc|iPhone
		{F7C6B1FF-86A6-40B4-9FEA-468A740F6F9C}.Ad-Hoc|x86.ActiveCfg = Ad-Hoc|iPhone
		{F7C6B1FF-86A6-40B4-9FEA-468A740F6F9C}.AppStore|Any CPU.ActiveCfg = AppStore|iPhone
		{F7C6B1FF-86A6-40B4-9FEA-468A740F6F9C}.AppStore|ARM.ActiveCfg = AppStore|iPhone
		{F7C6B1FF-86A6-40B4-9FEA-468A740F6F9C}.AppStore|iPhone.ActiveCfg = AppStore|iPhone
		{F7C6B1FF-86A6-40B4-9FEA-468A740F6F9C}.AppStore|iPhone.Build.0 = AppStore|iPhone
		{F7C6B1FF-86A6-40B4-9FEA-468A740F6F9C}.AppStore|iPhoneSimulator.ActiveCfg = AppStore|iPhoneSimulator
		{F7C6B1FF-86A6-40B4-9FEA-468A740F6F9C}.AppStore|iPhoneSimulator.Build.0 = AppStore|iPhoneSimulator
		{F7C6B1FF-86A6-40B4-9FEA-468A740F6F9C}.AppStore|x64.ActiveCfg = AppStore|iPhone
		{F7C6B1FF-86A6-40B4-9FEA-468A740F6F9C}.AppStore|x86.ActiveCfg = AppStore|iPhone
		{F7C6B1FF-86A6-40B4-9FEA-468A740F6F9C}.Debug|Any CPU.ActiveCfg = Debug|iPhone
		{F7C6B1FF-86A6-40B4-9FEA-468A740F6F9C}.Debug|ARM.ActiveCfg = Debug|iPhone
		{F7C6B1FF-86A6-40B4-9FEA-468A740F6F9C}.Debug|iPhone.ActiveCfg = Debug|iPhone
		{F7C6B1FF-86A6-40B4-9FEA-468A740F6F9C}.Debug|iPhone.Build.0 = Debug|iPhone
		{F7C6B1FF-86A6-40B4-9FEA-468A740F6F9C}.Debug|iPhoneSimulator.ActiveCfg = Debug|iPhoneSimulator
		{F7C6B1FF-86A6-40B4-9FEA-468A740F6F9C}.Debug|iPhoneSimulator.Build.0 = Debug|iPhoneSimulator
		{F7C6B1FF-86A6-40B4-9FEA-468A740F6F9C}.Debug|x64.ActiveCfg = Debug|iPhone
		{F7C6B1FF-86A6-40B4-9FEA-468A740F6F9C}.Debug|x86.ActiveCfg = Debug|iPhone
		{F7C6B1FF-86A6-40B4-9FEA-468A740F6F9C}.Release|Any CPU.ActiveCfg = Release|iPhone
		{F7C6B1FF-86A6-40B4-9FEA-468A740F6F9C}.Release|ARM.ActiveCfg = Release|iPhone
		{F7C6B1FF-86A6-40B4-9FEA-468A740F6F9C}.Release|iPhone.ActiveCfg = Release|iPhone
		{F7C6B1FF-86A6-40B4-9FEA-468A740F6F9C}.Release|iPhone.Build.0 = Release|iPhone
		{F7C6B1FF-86A6-40B4-9FEA-468A740F6F9C}.Release|iPhoneSimulator.ActiveCfg = Release|iPhoneSimulator
		{F7C6B1FF-86A6-40B4-9FEA-468A740F6F9C}.Release|iPhoneSimulator.Build.0 = Release|iPhoneSimulator
		{F7C6B1FF-86A6-40B4-9FEA-468A740F6F9C}.Release|x64.ActiveCfg = Release|iPhone
		{F7C6B1FF-86A6-40B4-9FEA-468A740F6F9C}.Release|x86.ActiveCfg = Release|iPhone
		{0A59E592-B7E8-462C-92F0-9EE503642358}.Ad-Hoc|Any CPU.ActiveCfg = Release|Any CPU
		{0A59E592-B7E8-462C-92F0-9EE503642358}.Ad-Hoc|Any CPU.Build.0 = Release|Any CPU
		{0A59E592-B7E8-462C-92F0-9EE503642358}.Ad-Hoc|Any CPU.Deploy.0 = Release|Any CPU
		{0A59E592-B7E8-462C-92F0-9EE503642358}.Ad-Hoc|ARM.ActiveCfg = Release|ARM
		{0A59E592-B7E8-462C-92F0-9EE503642358}.Ad-Hoc|ARM.Build.0 = Release|ARM
		{0A59E592-B7E8-462C-92F0-9EE503642358}.Ad-Hoc|ARM.Deploy.0 = Release|ARM
		{0A59E592-B7E8-462C-92F0-9EE503642358}.Ad-Hoc|iPhone.ActiveCfg = Release|Any CPU
		{0A59E592-B7E8-462C-92F0-9EE503642358}.Ad-Hoc|iPhone.Build.0 = Release|Any CPU
		{0A59E592-B7E8-462C-92F0-9EE503642358}.Ad-Hoc|iPhone.Deploy.0 = Release|Any CPU
		{0A59E592-B7E8-462C-92F0-9EE503642358}.Ad-Hoc|iPhoneSimulator.ActiveCfg = Release|Any CPU
		{0A59E592-B7E8-462C-92F0-9EE503642358}.Ad-Hoc|iPhoneSimulator.Build.0 = Release|Any CPU
		{0A59E592-B7E8-462C-92F0-9EE503642358}.Ad-Hoc|iPhoneSimulator.Deploy.0 = Release|Any CPU
		{0A59E592-B7E8-462C-92F0-9EE503642358}.Ad-Hoc|x64.ActiveCfg = Release|Any CPU
		{0A59E592-B7E8-462C-92F0-9EE503642358}.Ad-Hoc|x64.Build.0 = Release|Any CPU
		{0A59E592-B7E8-462C-92F0-9EE503642358}.Ad-Hoc|x64.Deploy.0 = Release|Any CPU
		{0A59E592-B7E8-462C-92F0-9EE503642358}.Ad-Hoc|x86.ActiveCfg = Release|x86
		{0A59E592-B7E8-462C-92F0-9EE503642358}.Ad-Hoc|x86.Build.0 = Release|x86
		{0A59E592-B7E8-462C-92F0-9EE503642358}.Ad-Hoc|x86.Deploy.0 = Release|x86
		{0A59E592-B7E8-462C-92F0-9EE503642358}.AppStore|Any CPU.ActiveCfg = Release|Any CPU
		{0A59E592-B7E8-462C-92F0-9EE503642358}.AppStore|Any CPU.Build.0 = Release|Any CPU
		{0A59E592-B7E8-462C-92F0-9EE503642358}.AppStore|Any CPU.Deploy.0 = Release|Any CPU
		{0A59E592-B7E8-462C-92F0-9EE503642358}.AppStore|ARM.ActiveCfg = Release|ARM
		{0A59E592-B7E8-462C-92F0-9EE503642358}.AppStore|ARM.Build.0 = Release|ARM
		{0A59E592-B7E8-462C-92F0-9EE503642358}.AppStore|ARM.Deploy.0 = Release|ARM
		{0A59E592-B7E8-462C-92F0-9EE503642358}.AppStore|iPhone.ActiveCfg = Release|Any CPU
		{0A59E592-B7E8-462C-92F0-9EE503642358}.AppStore|iPhone.Build.0 = Release|Any CPU
		{0A59E592-B7E8-462C-92F0-9EE503642358}.AppStore|iPhone.Deploy.0 = Release|Any CPU
		{0A59E592-B7E8-462C-92F0-9EE503642358}.AppStore|iPhoneSimulator.ActiveCfg = Release|Any CPU
		{0A59E592-B7E8-462C-92F0-9EE503642358}.AppStore|iPhoneSimulator.Build.0 = Release|Any CPU
		{0A59E592-B7E8-462C-92F0-9EE503642358}.AppStore|iPhoneSimulator.Deploy.0 = Release|Any CPU
		{0A59E592-B7E8-462C-92F0-9EE503642358}.AppStore|x64.ActiveCfg = Release|Any CPU
		{0A59E592-B7E8-462C-92F0-9EE503642358}.AppStore|x64.Build.0 = Release|Any CPU
		{0A59E592-B7E8-462C-92F0-9EE503642358}.AppStore|x64.Deploy.0 = Release|Any CPU
		{0A59E592-B7E8-462C-92F0-9EE503642358}.AppStore|x86.ActiveCfg = Release|x86
		{0A59E592-B7E8-462C-92F0-9EE503642358}.AppStore|x86.Build.0 = Release|x86
		{0A59E592-B7E8-462C-92F0-9EE503642358}.AppStore|x86.Deploy.0 = Release|x86
		{0A59E592-B7E8-462C-92F0-9EE503642358}.Debug|Any CPU.ActiveCfg = Debug|Any CPU
		{0A59E592-B7E8-462C-92F0-9EE503642358}.Debug|Any CPU.Build.0 = Debug|Any CPU
		{0A59E592-B7E8-462C-92F0-9EE503642358}.Debug|Any CPU.Deploy.0 = Debug|Any CPU
		{0A59E592-B7E8-462C-92F0-9EE503642358}.Debug|ARM.ActiveCfg = Debug|ARM
		{0A59E592-B7E8-462C-92F0-9EE503642358}.Debug|ARM.Build.0 = Debug|ARM
		{0A59E592-B7E8-462C-92F0-9EE503642358}.Debug|ARM.Deploy.0 = Debug|ARM
		{0A59E592-B7E8-462C-92F0-9EE503642358}.Debug|iPhone.ActiveCfg = Debug|Any CPU
		{0A59E592-B7E8-462C-92F0-9EE503642358}.Debug|iPhone.Build.0 = Debug|Any CPU
		{0A59E592-B7E8-462C-92F0-9EE503642358}.Debug|iPhone.Deploy.0 = Debug|Any CPU
		{0A59E592-B7E8-462C-92F0-9EE503642358}.Debug|iPhoneSimulator.ActiveCfg = Debug|Any CPU
		{0A59E592-B7E8-462C-92F0-9EE503642358}.Debug|iPhoneSimulator.Build.0 = Debug|Any CPU
		{0A59E592-B7E8-462C-92F0-9EE503642358}.Debug|iPhoneSimulator.Deploy.0 = Debug|Any CPU
		{0A59E592-B7E8-462C-92F0-9EE503642358}.Debug|x64.ActiveCfg = Debug|Any CPU
		{0A59E592-B7E8-462C-92F0-9EE503642358}.Debug|x64.Build.0 = Debug|Any CPU
		{0A59E592-B7E8-462C-92F0-9EE503642358}.Debug|x64.Deploy.0 = Debug|Any CPU
		{0A59E592-B7E8-462C-92F0-9EE503642358}.Debug|x86.ActiveCfg = Debug|x86
		{0A59E592-B7E8-462C-92F0-9EE503642358}.Debug|x86.Build.0 = Debug|x86
		{0A59E592-B7E8-462C-92F0-9EE503642358}.Debug|x86.Deploy.0 = Debug|x86
		{0A59E592-B7E8-462C-92F0-9EE503642358}.Release|Any CPU.ActiveCfg = Release|Any CPU
		{0A59E592-B7E8-462C-92F0-9EE503642358}.Release|Any CPU.Build.0 = Release|Any CPU
		{0A59E592-B7E8-462C-92F0-9EE503642358}.Release|Any CPU.Deploy.0 = Release|Any CPU
		{0A59E592-B7E8-462C-92F0-9EE503642358}.Release|ARM.ActiveCfg = Release|ARM
		{0A59E592-B7E8-462C-92F0-9EE503642358}.Release|ARM.Build.0 = Release|ARM
		{0A59E592-B7E8-462C-92F0-9EE503642358}.Release|ARM.Deploy.0 = Release|ARM
		{0A59E592-B7E8-462C-92F0-9EE503642358}.Release|iPhone.ActiveCfg = Release|Any CPU
		{0A59E592-B7E8-462C-92F0-9EE503642358}.Release|iPhone.Build.0 = Release|Any CPU
		{0A59E592-B7E8-462C-92F0-9EE503642358}.Release|iPhone.Deploy.0 = Release|Any CPU
		{0A59E592-B7E8-462C-92F0-9EE503642358}.Release|iPhoneSimulator.ActiveCfg = Release|Any CPU
		{0A59E592-B7E8-462C-92F0-9EE503642358}.Release|iPhoneSimulator.Build.0 = Release|Any CPU
		{0A59E592-B7E8-462C-92F0-9EE503642358}.Release|iPhoneSimulator.Deploy.0 = Release|Any CPU
		{0A59E592-B7E8-462C-92F0-9EE503642358}.Release|x64.ActiveCfg = Release|Any CPU
		{0A59E592-B7E8-462C-92F0-9EE503642358}.Release|x64.Build.0 = Release|Any CPU
		{0A59E592-B7E8-462C-92F0-9EE503642358}.Release|x64.Deploy.0 = Release|Any CPU
		{0A59E592-B7E8-462C-92F0-9EE503642358}.Release|x86.ActiveCfg = Release|x86
		{0A59E592-B7E8-462C-92F0-9EE503642358}.Release|x86.Build.0 = Release|x86
		{0A59E592-B7E8-462C-92F0-9EE503642358}.Release|x86.Deploy.0 = Release|x86
		{32BF6216-94BB-4581-A0C7-7D0497603045}.Ad-Hoc|Any CPU.ActiveCfg = Release|x86
		{32BF6216-94BB-4581-A0C7-7D0497603045}.Ad-Hoc|Any CPU.Build.0 = Release|x86
		{32BF6216-94BB-4581-A0C7-7D0497603045}.Ad-Hoc|Any CPU.Deploy.0 = Release|x86
		{32BF6216-94BB-4581-A0C7-7D0497603045}.Ad-Hoc|ARM.ActiveCfg = Release|ARM
		{32BF6216-94BB-4581-A0C7-7D0497603045}.Ad-Hoc|ARM.Build.0 = Release|ARM
		{32BF6216-94BB-4581-A0C7-7D0497603045}.Ad-Hoc|ARM.Deploy.0 = Release|ARM
		{32BF6216-94BB-4581-A0C7-7D0497603045}.Ad-Hoc|iPhone.ActiveCfg = Release|x86
		{32BF6216-94BB-4581-A0C7-7D0497603045}.Ad-Hoc|iPhone.Build.0 = Release|x86
		{32BF6216-94BB-4581-A0C7-7D0497603045}.Ad-Hoc|iPhone.Deploy.0 = Release|x86
		{32BF6216-94BB-4581-A0C7-7D0497603045}.Ad-Hoc|iPhoneSimulator.ActiveCfg = Release|x86
		{32BF6216-94BB-4581-A0C7-7D0497603045}.Ad-Hoc|iPhoneSimulator.Build.0 = Release|x86
		{32BF6216-94BB-4581-A0C7-7D0497603045}.Ad-Hoc|iPhoneSimulator.Deploy.0 = Release|x86
		{32BF6216-94BB-4581-A0C7-7D0497603045}.Ad-Hoc|x64.ActiveCfg = Release|x64
		{32BF6216-94BB-4581-A0C7-7D0497603045}.Ad-Hoc|x64.Build.0 = Release|x64
		{32BF6216-94BB-4581-A0C7-7D0497603045}.Ad-Hoc|x64.Deploy.0 = Release|x64
		{32BF6216-94BB-4581-A0C7-7D0497603045}.Ad-Hoc|x86.ActiveCfg = Release|x86
		{32BF6216-94BB-4581-A0C7-7D0497603045}.Ad-Hoc|x86.Build.0 = Release|x86
		{32BF6216-94BB-4581-A0C7-7D0497603045}.Ad-Hoc|x86.Deploy.0 = Release|x86
		{32BF6216-94BB-4581-A0C7-7D0497603045}.AppStore|Any CPU.ActiveCfg = Release|x86
		{32BF6216-94BB-4581-A0C7-7D0497603045}.AppStore|Any CPU.Build.0 = Release|x86
		{32BF6216-94BB-4581-A0C7-7D0497603045}.AppStore|Any CPU.Deploy.0 = Release|x86
		{32BF6216-94BB-4581-A0C7-7D0497603045}.AppStore|ARM.ActiveCfg = Release|ARM
		{32BF6216-94BB-4581-A0C7-7D0497603045}.AppStore|ARM.Build.0 = Release|ARM
		{32BF6216-94BB-4581-A0C7-7D0497603045}.AppStore|ARM.Deploy.0 = Release|ARM
		{32BF6216-94BB-4581-A0C7-7D0497603045}.AppStore|iPhone.ActiveCfg = Release|x86
		{32BF6216-94BB-4581-A0C7-7D0497603045}.AppStore|iPhone.Build.0 = Release|x86
		{32BF6216-94BB-4581-A0C7-7D0497603045}.AppStore|iPhone.Deploy.0 = Release|x86
		{32BF6216-94BB-4581-A0C7-7D0497603045}.AppStore|iPhoneSimulator.ActiveCfg = Release|x86
		{32BF6216-94BB-4581-A0C7-7D0497603045}.AppStore|iPhoneSimulator.Build.0 = Release|x86
		{32BF6216-94BB-4581-A0C7-7D0497603045}.AppStore|iPhoneSimulator.Deploy.0 = Release|x86
		{32BF6216-94BB-4581-A0C7-7D0497603045}.AppStore|x64.ActiveCfg = Release|x64
		{32BF6216-94BB-4581-A0C7-7D0497603045}.AppStore|x64.Build.0 = Release|x64
		{32BF6216-94BB-4581-A0C7-7D0497603045}.AppStore|x64.Deploy.0 = Release|x64
		{32BF6216-94BB-4581-A0C7-7D0497603045}.AppStore|x86.ActiveCfg = Release|x86
		{32BF6216-94BB-4581-A0C7-7D0497603045}.AppStore|x86.Build.0 = Release|x86
		{32BF6216-94BB-4581-A0C7-7D0497603045}.AppStore|x86.Deploy.0 = Release|x86
		{32BF6216-94BB-4581-A0C7-7D0497603045}.Debug|Any CPU.ActiveCfg = Debug|x86
		{32BF6216-94BB-4581-A0C7-7D0497603045}.Debug|ARM.ActiveCfg = Debug|ARM
		{32BF6216-94BB-4581-A0C7-7D0497603045}.Debug|ARM.Build.0 = Debug|ARM
		{32BF6216-94BB-4581-A0C7-7D0497603045}.Debug|ARM.Deploy.0 = Debug|ARM
		{32BF6216-94BB-4581-A0C7-7D0497603045}.Debug|iPhone.ActiveCfg = Debug|x86
		{32BF6216-94BB-4581-A0C7-7D0497603045}.Debug|iPhoneSimulator.ActiveCfg = Debug|x86
		{32BF6216-94BB-4581-A0C7-7D0497603045}.Debug|x64.ActiveCfg = Debug|x64
		{32BF6216-94BB-4581-A0C7-7D0497603045}.Debug|x64.Build.0 = Debug|x64
		{32BF6216-94BB-4581-A0C7-7D0497603045}.Debug|x64.Deploy.0 = Debug|x64
		{32BF6216-94BB-4581-A0C7-7D0497603045}.Debug|x86.ActiveCfg = Debug|x86
		{32BF6216-94BB-4581-A0C7-7D0497603045}.Debug|x86.Build.0 = Debug|x86
		{32BF6216-94BB-4581-A0C7-7D0497603045}.Debug|x86.Deploy.0 = Debug|x86
		{32BF6216-94BB-4581-A0C7-7D0497603045}.Release|Any CPU.ActiveCfg = Release|x86
		{32BF6216-94BB-4581-A0C7-7D0497603045}.Release|ARM.ActiveCfg = Release|ARM
		{32BF6216-94BB-4581-A0C7-7D0497603045}.Release|ARM.Build.0 = Release|ARM
		{32BF6216-94BB-4581-A0C7-7D0497603045}.Release|ARM.Deploy.0 = Release|ARM
		{32BF6216-94BB-4581-A0C7-7D0497603045}.Release|iPhone.ActiveCfg = Release|x86
		{32BF6216-94BB-4581-A0C7-7D0497603045}.Release|iPhoneSimulator.ActiveCfg = Release|x86
		{32BF6216-94BB-4581-A0C7-7D0497603045}.Release|x64.ActiveCfg = Release|x64
		{32BF6216-94BB-4581-A0C7-7D0497603045}.Release|x64.Build.0 = Release|x64
		{32BF6216-94BB-4581-A0C7-7D0497603045}.Release|x64.Deploy.0 = Release|x64
		{32BF6216-94BB-4581-A0C7-7D0497603045}.Release|x86.ActiveCfg = Release|x86
		{32BF6216-94BB-4581-A0C7-7D0497603045}.Release|x86.Build.0 = Release|x86
		{32BF6216-94BB-4581-A0C7-7D0497603045}.Release|x86.Deploy.0 = Release|x86
		{5ED9D397-914D-4C31-8CDE-A437F7C79C61}.Ad-Hoc|Any CPU.ActiveCfg = Release|Any CPU
		{5ED9D397-914D-4C31-8CDE-A437F7C79C61}.Ad-Hoc|Any CPU.Build.0 = Release|Any CPU
		{5ED9D397-914D-4C31-8CDE-A437F7C79C61}.Ad-Hoc|Any CPU.Deploy.0 = Release|Any CPU
		{5ED9D397-914D-4C31-8CDE-A437F7C79C61}.Ad-Hoc|ARM.ActiveCfg = Release|ARM
		{5ED9D397-914D-4C31-8CDE-A437F7C79C61}.Ad-Hoc|ARM.Build.0 = Release|ARM
		{5ED9D397-914D-4C31-8CDE-A437F7C79C61}.Ad-Hoc|ARM.Deploy.0 = Release|ARM
		{5ED9D397-914D-4C31-8CDE-A437F7C79C61}.Ad-Hoc|iPhone.ActiveCfg = Release|Any CPU
		{5ED9D397-914D-4C31-8CDE-A437F7C79C61}.Ad-Hoc|iPhone.Build.0 = Release|Any CPU
		{5ED9D397-914D-4C31-8CDE-A437F7C79C61}.Ad-Hoc|iPhone.Deploy.0 = Release|Any CPU
		{5ED9D397-914D-4C31-8CDE-A437F7C79C61}.Ad-Hoc|iPhoneSimulator.ActiveCfg = Release|Any CPU
		{5ED9D397-914D-4C31-8CDE-A437F7C79C61}.Ad-Hoc|iPhoneSimulator.Build.0 = Release|Any CPU
		{5ED9D397-914D-4C31-8CDE-A437F7C79C61}.Ad-Hoc|iPhoneSimulator.Deploy.0 = Release|Any CPU
		{5ED9D397-914D-4C31-8CDE-A437F7C79C61}.Ad-Hoc|x64.ActiveCfg = Release|x64
		{5ED9D397-914D-4C31-8CDE-A437F7C79C61}.Ad-Hoc|x64.Build.0 = Release|x64
		{5ED9D397-914D-4C31-8CDE-A437F7C79C61}.Ad-Hoc|x64.Deploy.0 = Release|x64
		{5ED9D397-914D-4C31-8CDE-A437F7C79C61}.Ad-Hoc|x86.ActiveCfg = Release|x86
		{5ED9D397-914D-4C31-8CDE-A437F7C79C61}.Ad-Hoc|x86.Build.0 = Release|x86
		{5ED9D397-914D-4C31-8CDE-A437F7C79C61}.Ad-Hoc|x86.Deploy.0 = Release|x86
		{5ED9D397-914D-4C31-8CDE-A437F7C79C61}.AppStore|Any CPU.ActiveCfg = Release|Any CPU
		{5ED9D397-914D-4C31-8CDE-A437F7C79C61}.AppStore|Any CPU.Build.0 = Release|Any CPU
		{5ED9D397-914D-4C31-8CDE-A437F7C79C61}.AppStore|Any CPU.Deploy.0 = Release|Any CPU
		{5ED9D397-914D-4C31-8CDE-A437F7C79C61}.AppStore|ARM.ActiveCfg = Release|ARM
		{5ED9D397-914D-4C31-8CDE-A437F7C79C61}.AppStore|ARM.Build.0 = Release|ARM
		{5ED9D397-914D-4C31-8CDE-A437F7C79C61}.AppStore|ARM.Deploy.0 = Release|ARM
		{5ED9D397-914D-4C31-8CDE-A437F7C79C61}.AppStore|iPhone.ActiveCfg = Release|Any CPU
		{5ED9D397-914D-4C31-8CDE-A437F7C79C61}.AppStore|iPhone.Build.0 = Release|Any CPU
		{5ED9D397-914D-4C31-8CDE-A437F7C79C61}.AppStore|iPhone.Deploy.0 = Release|Any CPU
		{5ED9D397-914D-4C31-8CDE-A437F7C79C61}.AppStore|iPhoneSimulator.ActiveCfg = Release|Any CPU
		{5ED9D397-914D-4C31-8CDE-A437F7C79C61}.AppStore|iPhoneSimulator.Build.0 = Release|Any CPU
		{5ED9D397-914D-4C31-8CDE-A437F7C79C61}.AppStore|iPhoneSimulator.Deploy.0 = Release|Any CPU
		{5ED9D397-914D-4C31-8CDE-A437F7C79C61}.AppStore|x64.ActiveCfg = Release|x64
		{5ED9D397-914D-4C31-8CDE-A437F7C79C61}.AppStore|x64.Build.0 = Release|x64
		{5ED9D397-914D-4C31-8CDE-A437F7C79C61}.AppStore|x64.Deploy.0 = Release|x64
		{5ED9D397-914D-4C31-8CDE-A437F7C79C61}.AppStore|x86.ActiveCfg = Release|x86
		{5ED9D397-914D-4C31-8CDE-A437F7C79C61}.AppStore|x86.Build.0 = Release|x86
		{5ED9D397-914D-4C31-8CDE-A437F7C79C61}.AppStore|x86.Deploy.0 = Release|x86
		{5ED9D397-914D-4C31-8CDE-A437F7C79C61}.Debug|Any CPU.ActiveCfg = Debug|Any CPU
		{5ED9D397-914D-4C31-8CDE-A437F7C79C61}.Debug|Any CPU.Build.0 = Debug|Any CPU
		{5ED9D397-914D-4C31-8CDE-A437F7C79C61}.Debug|Any CPU.Deploy.0 = Debug|Any CPU
		{5ED9D397-914D-4C31-8CDE-A437F7C79C61}.Debug|ARM.ActiveCfg = Debug|ARM
		{5ED9D397-914D-4C31-8CDE-A437F7C79C61}.Debug|ARM.Build.0 = Debug|ARM
		{5ED9D397-914D-4C31-8CDE-A437F7C79C61}.Debug|ARM.Deploy.0 = Debug|ARM
		{5ED9D397-914D-4C31-8CDE-A437F7C79C61}.Debug|iPhone.ActiveCfg = Debug|Any CPU
		{5ED9D397-914D-4C31-8CDE-A437F7C79C61}.Debug|iPhone.Build.0 = Debug|Any CPU
		{5ED9D397-914D-4C31-8CDE-A437F7C79C61}.Debug|iPhone.Deploy.0 = Debug|Any CPU
		{5ED9D397-914D-4C31-8CDE-A437F7C79C61}.Debug|iPhoneSimulator.ActiveCfg = Debug|Any CPU
		{5ED9D397-914D-4C31-8CDE-A437F7C79C61}.Debug|iPhoneSimulator.Build.0 = Debug|Any CPU
		{5ED9D397-914D-4C31-8CDE-A437F7C79C61}.Debug|iPhoneSimulator.Deploy.0 = Debug|Any CPU
		{5ED9D397-914D-4C31-8CDE-A437F7C79C61}.Debug|x64.ActiveCfg = Debug|x64
		{5ED9D397-914D-4C31-8CDE-A437F7C79C61}.Debug|x64.Build.0 = Debug|x64
		{5ED9D397-914D-4C31-8CDE-A437F7C79C61}.Debug|x64.Deploy.0 = Debug|x64
		{5ED9D397-914D-4C31-8CDE-A437F7C79C61}.Debug|x86.ActiveCfg = Debug|x86
		{5ED9D397-914D-4C31-8CDE-A437F7C79C61}.Debug|x86.Build.0 = Debug|x86
		{5ED9D397-914D-4C31-8CDE-A437F7C79C61}.Debug|x86.Deploy.0 = Debug|x86
		{5ED9D397-914D-4C31-8CDE-A437F7C79C61}.Release|Any CPU.ActiveCfg = Release|Any CPU
		{5ED9D397-914D-4C31-8CDE-A437F7C79C61}.Release|Any CPU.Build.0 = Release|Any CPU
		{5ED9D397-914D-4C31-8CDE-A437F7C79C61}.Release|Any CPU.Deploy.0 = Release|Any CPU
		{5ED9D397-914D-4C31-8CDE-A437F7C79C61}.Release|ARM.ActiveCfg = Release|ARM
		{5ED9D397-914D-4C31-8CDE-A437F7C79C61}.Release|ARM.Build.0 = Release|ARM
		{5ED9D397-914D-4C31-8CDE-A437F7C79C61}.Release|ARM.Deploy.0 = Release|ARM
		{5ED9D397-914D-4C31-8CDE-A437F7C79C61}.Release|iPhone.ActiveCfg = Release|Any CPU
		{5ED9D397-914D-4C31-8CDE-A437F7C79C61}.Release|iPhone.Build.0 = Release|Any CPU
		{5ED9D397-914D-4C31-8CDE-A437F7C79C61}.Release|iPhone.Deploy.0 = Release|Any CPU
		{5ED9D397-914D-4C31-8CDE-A437F7C79C61}.Release|iPhoneSimulator.ActiveCfg = Release|Any CPU
		{5ED9D397-914D-4C31-8CDE-A437F7C79C61}.Release|iPhoneSimulator.Build.0 = Release|Any CPU
		{5ED9D397-914D-4C31-8CDE-A437F7C79C61}.Release|iPhoneSimulator.Deploy.0 = Release|Any CPU
		{5ED9D397-914D-4C31-8CDE-A437F7C79C61}.Release|x64.ActiveCfg = Release|x64
		{5ED9D397-914D-4C31-8CDE-A437F7C79C61}.Release|x64.Build.0 = Release|x64
		{5ED9D397-914D-4C31-8CDE-A437F7C79C61}.Release|x64.Deploy.0 = Release|x64
		{5ED9D397-914D-4C31-8CDE-A437F7C79C61}.Release|x86.ActiveCfg = Release|x86
		{5ED9D397-914D-4C31-8CDE-A437F7C79C61}.Release|x86.Build.0 = Release|x86
		{5ED9D397-914D-4C31-8CDE-A437F7C79C61}.Release|x86.Deploy.0 = Release|x86
		{46C281F1-91BE-47DA-AC68-BEB211D301E7}.Ad-Hoc|Any CPU.ActiveCfg = Release|Any CPU
		{46C281F1-91BE-47DA-AC68-BEB211D301E7}.Ad-Hoc|Any CPU.Build.0 = Release|Any CPU
		{46C281F1-91BE-47DA-AC68-BEB211D301E7}.Ad-Hoc|ARM.ActiveCfg = Release|Any CPU
		{46C281F1-91BE-47DA-AC68-BEB211D301E7}.Ad-Hoc|ARM.Build.0 = Release|Any CPU
		{46C281F1-91BE-47DA-AC68-BEB211D301E7}.Ad-Hoc|iPhone.ActiveCfg = Release|Any CPU
		{46C281F1-91BE-47DA-AC68-BEB211D301E7}.Ad-Hoc|iPhone.Build.0 = Release|Any CPU
		{46C281F1-91BE-47DA-AC68-BEB211D301E7}.Ad-Hoc|iPhoneSimulator.ActiveCfg = Release|Any CPU
		{46C281F1-91BE-47DA-AC68-BEB211D301E7}.Ad-Hoc|iPhoneSimulator.Build.0 = Release|Any CPU
		{46C281F1-91BE-47DA-AC68-BEB211D301E7}.Ad-Hoc|x64.ActiveCfg = Release|Any CPU
		{46C281F1-91BE-47DA-AC68-BEB211D301E7}.Ad-Hoc|x64.Build.0 = Release|Any CPU
		{46C281F1-91BE-47DA-AC68-BEB211D301E7}.Ad-Hoc|x86.ActiveCfg = Release|Any CPU
		{46C281F1-91BE-47DA-AC68-BEB211D301E7}.Ad-Hoc|x86.Build.0 = Release|Any CPU
		{46C281F1-91BE-47DA-AC68-BEB211D301E7}.AppStore|Any CPU.ActiveCfg = Release|Any CPU
		{46C281F1-91BE-47DA-AC68-BEB211D301E7}.AppStore|Any CPU.Build.0 = Release|Any CPU
		{46C281F1-91BE-47DA-AC68-BEB211D301E7}.AppStore|ARM.ActiveCfg = Release|Any CPU
		{46C281F1-91BE-47DA-AC68-BEB211D301E7}.AppStore|ARM.Build.0 = Release|Any CPU
		{46C281F1-91BE-47DA-AC68-BEB211D301E7}.AppStore|iPhone.ActiveCfg = Release|Any CPU
		{46C281F1-91BE-47DA-AC68-BEB211D301E7}.AppStore|iPhone.Build.0 = Release|Any CPU
		{46C281F1-91BE-47DA-AC68-BEB211D301E7}.AppStore|iPhoneSimulator.ActiveCfg = Release|Any CPU
		{46C281F1-91BE-47DA-AC68-BEB211D301E7}.AppStore|iPhoneSimulator.Build.0 = Release|Any CPU
		{46C281F1-91BE-47DA-AC68-BEB211D301E7}.AppStore|x64.ActiveCfg = Release|Any CPU
		{46C281F1-91BE-47DA-AC68-BEB211D301E7}.AppStore|x64.Build.0 = Release|Any CPU
		{46C281F1-91BE-47DA-AC68-BEB211D301E7}.AppStore|x86.ActiveCfg = Release|Any CPU
		{46C281F1-91BE-47DA-AC68-BEB211D301E7}.AppStore|x86.Build.0 = Release|Any CPU
		{46C281F1-91BE-47DA-AC68-BEB211D301E7}.Debug|Any CPU.ActiveCfg = Debug|Any CPU
		{46C281F1-91BE-47DA-AC68-BEB211D301E7}.Debug|Any CPU.Build.0 = Debug|Any CPU
		{46C281F1-91BE-47DA-AC68-BEB211D301E7}.Debug|ARM.ActiveCfg = Debug|Any CPU
		{46C281F1-91BE-47DA-AC68-BEB211D301E7}.Debug|ARM.Build.0 = Debug|Any CPU
		{46C281F1-91BE-47DA-AC68-BEB211D301E7}.Debug|iPhone.ActiveCfg = Debug|Any CPU
		{46C281F1-91BE-47DA-AC68-BEB211D301E7}.Debug|iPhone.Build.0 = Debug|Any CPU
		{46C281F1-91BE-47DA-AC68-BEB211D301E7}.Debug|iPhoneSimulator.ActiveCfg = Debug|Any CPU
		{46C281F1-91BE-47DA-AC68-BEB211D301E7}.Debug|iPhoneSimulator.Build.0 = Debug|Any CPU
		{46C281F1-91BE-47DA-AC68-BEB211D301E7}.Debug|x64.ActiveCfg = Debug|Any CPU
		{46C281F1-91BE-47DA-AC68-BEB211D301E7}.Debug|x64.Build.0 = Debug|Any CPU
		{46C281F1-91BE-47DA-AC68-BEB211D301E7}.Debug|x86.ActiveCfg = Debug|Any CPU
		{46C281F1-91BE-47DA-AC68-BEB211D301E7}.Debug|x86.Build.0 = Debug|Any CPU
		{46C281F1-91BE-47DA-AC68-BEB211D301E7}.Release|Any CPU.ActiveCfg = Release|Any CPU
		{46C281F1-91BE-47DA-AC68-BEB211D301E7}.Release|Any CPU.Build.0 = Release|Any CPU
		{46C281F1-91BE-47DA-AC68-BEB211D301E7}.Release|ARM.ActiveCfg = Release|Any CPU
		{46C281F1-91BE-47DA-AC68-BEB211D301E7}.Release|ARM.Build.0 = Release|Any CPU
		{46C281F1-91BE-47DA-AC68-BEB211D301E7}.Release|iPhone.ActiveCfg = Release|Any CPU
		{46C281F1-91BE-47DA-AC68-BEB211D301E7}.Release|iPhone.Build.0 = Release|Any CPU
		{46C281F1-91BE-47DA-AC68-BEB211D301E7}.Release|iPhoneSimulator.ActiveCfg = Release|Any CPU
		{46C281F1-91BE-47DA-AC68-BEB211D301E7}.Release|iPhoneSimulator.Build.0 = Release|Any CPU
		{46C281F1-91BE-47DA-AC68-BEB211D301E7}.Release|x64.ActiveCfg = Release|Any CPU
		{46C281F1-91BE-47DA-AC68-BEB211D301E7}.Release|x64.Build.0 = Release|Any CPU
		{46C281F1-91BE-47DA-AC68-BEB211D301E7}.Release|x86.ActiveCfg = Release|Any CPU
		{46C281F1-91BE-47DA-AC68-BEB211D301E7}.Release|x86.Build.0 = Release|Any CPU
	EndGlobalSection
	GlobalSection(SolutionProperties) = preSolution
		HideSolutionNode = FALSE
	EndGlobalSection
EndGlobal
